// !$*UTF8*$!
{
	archiveVersion = 1;
	classes = {
	};
	objectVersion = 46;
	objects = {

/* Begin PBXBuildFile section */
		0316B54F1D35C1070096C2DF /* Friend.m in Sources */ = {isa = PBXBuildFile; fileRef = 0316B54D1D35C1070096C2DF /* Friend.m */; };
		032D3C561D345F94003E2C99 /* ContentFinishedViewController.m in Sources */ = {isa = PBXBuildFile; fileRef = 032D3C551D345F94003E2C99 /* ContentFinishedViewController.m */; };
		032D3C611D34B6C9003E2C99 /* Content.m in Sources */ = {isa = PBXBuildFile; fileRef = 032D3C5F1D34B6C9003E2C99 /* Content.m */; };
		033E7B7C1D41998600B8FD3D /* DeleteMethodTests.m in Sources */ = {isa = PBXBuildFile; fileRef = 033E7B7B1D41998600B8FD3D /* DeleteMethodTests.m */; };
		033E7B7F1D41D28300B8FD3D /* RestfulSnapCRUD.m in Sources */ = {isa = PBXBuildFile; fileRef = 033E7B7E1D41D28300B8FD3D /* RestfulSnapCRUD.m */; };
		033E7B811D44169000B8FD3D /* SendAndDeleteTest.m in Sources */ = {isa = PBXBuildFile; fileRef = 033E7B801D44169000B8FD3D /* SendAndDeleteTest.m */; };
		033E7B831D44390F00B8FD3D /* TestSnapTVC.m in Sources */ = {isa = PBXBuildFile; fileRef = 033E7B821D44390F00B8FD3D /* TestSnapTVC.m */; };
		033E7B861D44487000B8FD3D /* AddFriendTVC.m in Sources */ = {isa = PBXBuildFile; fileRef = 033E7B851D44487000B8FD3D /* AddFriendTVC.m */; };
		033FC2451D46A35600FAD37B /* SendAndReceiveSnapTVCTest.m in Sources */ = {isa = PBXBuildFile; fileRef = 033FC2441D46A35600FAD37B /* SendAndReceiveSnapTVCTest.m */; };
		033FC24A1D47463500FAD37B /* SnapchatViewController.m in Sources */ = {isa = PBXBuildFile; fileRef = 033FC2491D47463500FAD37B /* SnapchatViewController.m */; };
		033FC24D1D47471E00FAD37B /* SnapStoryViewController.m in Sources */ = {isa = PBXBuildFile; fileRef = 033FC24C1D47471E00FAD37B /* SnapStoryViewController.m */; };
		033FC2521D489F9500FAD37B /* LoginAndRegisterViewController.m in Sources */ = {isa = PBXBuildFile; fileRef = 033FC2511D489F9500FAD37B /* LoginAndRegisterViewController.m */; };
		0342F24A1D2BA36F0038FC3D /* main.m in Sources */ = {isa = PBXBuildFile; fileRef = 0342F2491D2BA36F0038FC3D /* main.m */; };
		0342F24D1D2BA36F0038FC3D /* AppDelegate.m in Sources */ = {isa = PBXBuildFile; fileRef = 0342F24C1D2BA36F0038FC3D /* AppDelegate.m */; };
		0342F2501D2BA36F0038FC3D /* ViewController.m in Sources */ = {isa = PBXBuildFile; fileRef = 0342F24F1D2BA36F0038FC3D /* ViewController.m */; };
		0342F2551D2BA36F0038FC3D /* Assets.xcassets in Resources */ = {isa = PBXBuildFile; fileRef = 0342F2541D2BA36F0038FC3D /* Assets.xcassets */; };
		0342F2581D2BA36F0038FC3D /* LaunchScreen.storyboard in Resources */ = {isa = PBXBuildFile; fileRef = 0342F2561D2BA36F0038FC3D /* LaunchScreen.storyboard */; };
		0342F2631D2BA36F0038FC3D /* BasicSnapPictureViewerTests.m in Sources */ = {isa = PBXBuildFile; fileRef = 0342F2621D2BA36F0038FC3D /* BasicSnapPictureViewerTests.m */; };
		0342F26E1D2BA36F0038FC3D /* BasicSnapPictureViewerUITests.m in Sources */ = {isa = PBXBuildFile; fileRef = 0342F26D1D2BA36F0038FC3D /* BasicSnapPictureViewerUITests.m */; };
		0342F27F1D2BA39C0038FC3D /* CoreDataTVC.m in Sources */ = {isa = PBXBuildFile; fileRef = 0342F27C1D2BA39C0038FC3D /* CoreDataTVC.m */; };
		0342F2801D2BA39C0038FC3D /* CoreDataHelper.m in Sources */ = {isa = PBXBuildFile; fileRef = 0342F27E1D2BA39C0038FC3D /* CoreDataHelper.m */; };
		0342F2851D2BA4CF0038FC3D /* Model.xcdatamodeld in Sources */ = {isa = PBXBuildFile; fileRef = 0342F2831D2BA4CF0038FC3D /* Model.xcdatamodeld */; };
		0342F2B31D2BBF920038FC3D /* Main.storyboard in Resources */ = {isa = PBXBuildFile; fileRef = 0342F2B21D2BBF920038FC3D /* Main.storyboard */; };
		036A0AD81D4952B600AE6FC8 /* Snap+CoreDataProperties.m in Sources */ = {isa = PBXBuildFile; fileRef = 036A0AD31D4952B600AE6FC8 /* Snap+CoreDataProperties.m */; };
		036A0AD91D4952B600AE6FC8 /* Friend+CoreDataProperties.m in Sources */ = {isa = PBXBuildFile; fileRef = 036A0AD51D4952B600AE6FC8 /* Friend+CoreDataProperties.m */; };
		036A0ADA1D4952B600AE6FC8 /* Story+CoreDataProperties.m in Sources */ = {isa = PBXBuildFile; fileRef = 036A0AD71D4952B600AE6FC8 /* Story+CoreDataProperties.m */; };
		036A0AE51D497CAA00AE6FC8 /* UserInfo+CoreDataProperties.m in Sources */ = {isa = PBXBuildFile; fileRef = 036A0AE41D497CAA00AE6FC8 /* UserInfo+CoreDataProperties.m */; };
		037446761D409D0D00DC7C1C /* Content+CoreDataProperties.m in Sources */ = {isa = PBXBuildFile; fileRef = 037446751D409D0D00DC7C1C /* Content+CoreDataProperties.m */; };
		037446781D40DCD300DC7C1C /* PostMethodTester.m in Sources */ = {isa = PBXBuildFile; fileRef = 037446771D40DCD300DC7C1C /* PostMethodTester.m */; };
		037AC5481D35D68500342E1C /* UserInfo.m in Sources */ = {isa = PBXBuildFile; fileRef = 037AC5451D35D68500342E1C /* UserInfo.m */; };
		038C39CF1D2CD8F400C8560C /* MainViewController.m in Sources */ = {isa = PBXBuildFile; fileRef = 038C39CE1D2CD8F400C8560C /* MainViewController.m */; };
		038C39D81D2CD92200C8560C /* SettingsViewController.m in Sources */ = {isa = PBXBuildFile; fileRef = 038C39D41D2CD92200C8560C /* SettingsViewController.m */; };
		038C39DE1D2CDE6600C8560C /* SwipeViewController.m in Sources */ = {isa = PBXBuildFile; fileRef = 038C39DD1D2CDE6600C8560C /* SwipeViewController.m */; };
		03938F001D35BE8C00E44BF3 /* Snap.m in Sources */ = {isa = PBXBuildFile; fileRef = 03938EFE1D35BE8C00E44BF3 /* Snap.m */; };
		03983CC51D2DEF3E0033A3F9 /* Story.m in Sources */ = {isa = PBXBuildFile; fileRef = 03983CC31D2DEF3E0033A3F9 /* Story.m */; };
		039F56E41D374CD000DC68BB /* trailerParkClip.mov in Resources */ = {isa = PBXBuildFile; fileRef = 039F56E31D374CD000DC68BB /* trailerParkClip.mov */; };
		039F56EE1D397E7E00DC68BB /* Utility.m in Sources */ = {isa = PBXBuildFile; fileRef = 039F56ED1D397E7E00DC68BB /* Utility.m */; };
		039F572F1D3A0CAE00DC68BB /* PictureEditorView.xib in Resources */ = {isa = PBXBuildFile; fileRef = 039F572E1D3A0CAE00DC68BB /* PictureEditorView.xib */; };
		03BAAA261D2F2FDC000A51B2 /* AccountCell.m in Sources */ = {isa = PBXBuildFile; fileRef = 03BAAA251D2F2FDC000A51B2 /* AccountCell.m */; };
		03BAAA281D2F2FEA000A51B2 /* AccountCell.xib in Resources */ = {isa = PBXBuildFile; fileRef = 03BAAA271D2F2FEA000A51B2 /* AccountCell.xib */; };
		31DE50C99C6C7DB464969DD8 /* StoryTableViewCell.xib in Resources */ = {isa = PBXBuildFile; fileRef = 31DE5A9DE0BEEC06653D2263 /* StoryTableViewCell.xib */; };
		31DE5122B2D59E218514A5E5 /* Command.m in Sources */ = {isa = PBXBuildFile; fileRef = 31DE5773E97898245521B411 /* Command.m */; };
		31DE5194CD0235F421FF004D /* READMEORDONT.txt in Resources */ = {isa = PBXBuildFile; fileRef = 31DE574502EDB11C0C70D416 /* READMEORDONT.txt */; };
		31DE53AA167A3CF97E745B29 /* READMEORDONT.txt in Resources */ = {isa = PBXBuildFile; fileRef = 31DE5E553C7DBC7332162A26 /* READMEORDONT.txt */; };
		31DE53CBA8CB0FE5F5FA0753 /* AAPLCameraViewController.m in Sources */ = {isa = PBXBuildFile; fileRef = 31DE527FA6604C3F432AB2D1 /* AAPLCameraViewController.m */; };
		31DE53D247329B9E6D37697C /* SnapTVCTester.m in Sources */ = {isa = PBXBuildFile; fileRef = 31DE51983B9A05C5C1DE3CA5 /* SnapTVCTester.m */; };
		31DE542436A2C40269DD9F01 /* FriendTVC.m in Sources */ = {isa = PBXBuildFile; fileRef = 31DE5C1FA4F8314888DED7FF /* FriendTVC.m */; };
		31DE5528121CCC1666B1D2E5 /* SendToFriendTableViewCell.m in Sources */ = {isa = PBXBuildFile; fileRef = 31DE5E5ADFB756176D355AA0 /* SendToFriendTableViewCell.m */; };
		31DE5556A3806CF5C7A95B54 /* SnapTableViewCell.xib in Resources */ = {isa = PBXBuildFile; fileRef = 31DE5031478D92E5CB857AE5 /* SnapTableViewCell.xib */; };
		31DE55AD9FDF0C43363C9C35 /* StoryTableViewCell.m in Sources */ = {isa = PBXBuildFile; fileRef = 31DE5B12A228D8AD7DB65836 /* StoryTableViewCell.m */; };
		31DE56174195CE109FCE77E9 /* SnapRead.m in Sources */ = {isa = PBXBuildFile; fileRef = 31DE560CB515BA11E54F9AF9 /* SnapRead.m */; };
		31DE56344924A7F67078DFED /* SnapTransitionDelegate.m in Sources */ = {isa = PBXBuildFile; fileRef = 31DE54BED94441DB719DDDFC /* SnapTransitionDelegate.m */; };
		31DE5683D9C3D0A0840E91C3 /* FriendTableViewCell.m in Sources */ = {isa = PBXBuildFile; fileRef = 31DE5D07040D72F670464267 /* FriendTableViewCell.m */; };
		31DE568DB79E625D91E40B23 /* MyFriendsTVC.m in Sources */ = {isa = PBXBuildFile; fileRef = 31DE5BABDF5A2CF2F122AA43 /* MyFriendsTVC.m */; };
		31DE56E69710CC38A35A4997 /* CoreRead.m in Sources */ = {isa = PBXBuildFile; fileRef = 31DE5D257D85912892439A48 /* CoreRead.m */; };
		31DE56F29058C5A1BB5D823B /* TestHelper.m in Sources */ = {isa = PBXBuildFile; fileRef = 31DE5415EAFFFDA69ECA3E84 /* TestHelper.m */; };
		31DE57524C809799932EF23C /* SendToFriendTableViewCell.xib in Resources */ = {isa = PBXBuildFile; fileRef = 31DE5DEB4891FD036F4B37ED /* SendToFriendTableViewCell.xib */; };
		31DE57CE87B1E3F2F4043C39 /* LICENSE.txt in Resources */ = {isa = PBXBuildFile; fileRef = 31DE5A2106FE72FEB21E6262 /* LICENSE.txt */; };
		31DE58195AA6E85593577063 /* AAPLAppDelegate.m in Sources */ = {isa = PBXBuildFile; fileRef = 31DE5FF11502E93A767EC303 /* AAPLAppDelegate.m */; };
		31DE581DB6DD61B4CA1F560E /* Post.m in Sources */ = {isa = PBXBuildFile; fileRef = 31DE5A22AA17B1BCDAA06987 /* Post.m */; };
		31DE58314064B44D1D428101 /* PictureEditorView.m in Sources */ = {isa = PBXBuildFile; fileRef = 31DE58AB924A1B0DB4D2F237 /* PictureEditorView.m */; };
		31DE58F7B8F25613C52C9DD1 /* SnapViewerViewController.m in Sources */ = {isa = PBXBuildFile; fileRef = 31DE5A830E5E7373920B092C /* SnapViewerViewController.m */; };
		31DE59075B6C44E895B553D6 /* READMEORDONT.txt in Resources */ = {isa = PBXBuildFile; fileRef = 31DE5C6E06C52BE98DFDD670 /* READMEORDONT.txt */; };
		31DE593C65B9C97D3E403F42 /* PictureViewController.m in Sources */ = {isa = PBXBuildFile; fileRef = 31DE5355E4D23E1CEA15AAA6 /* PictureViewController.m */; };
		31DE59A0F69152196C0EF689 /* SnapUpdate.m in Sources */ = {isa = PBXBuildFile; fileRef = 31DE5ED2D8DCA9CEF603DDB4 /* SnapUpdate.m */; };
		31DE59AFBAC355AFEA7C52E1 /* Get.m in Sources */ = {isa = PBXBuildFile; fileRef = 31DE55167FB77CE9B713F873 /* Get.m */; };
		31DE5A075B4F4841477E4244 /* TabBarObserver.m in Sources */ = {isa = PBXBuildFile; fileRef = 31DE573BCE563A703DCF6024 /* TabBarObserver.m */; };
		31DE5A4F45370A64E0B58FDA /* AAPLPreviewView.m in Sources */ = {isa = PBXBuildFile; fileRef = 31DE57C81BAF38E425A33ECF /* AAPLPreviewView.m */; };
		31DE5A630A7872D7FF307C91 /* ContentDisplayer.m in Sources */ = {isa = PBXBuildFile; fileRef = 31DE50DC00480FD1A569B5D9 /* ContentDisplayer.m */; };
		31DE5ADF28D41FCE02FCFA91 /* HTTPHelper.m in Sources */ = {isa = PBXBuildFile; fileRef = 31DE56000FBEE7D88446AA77 /* HTTPHelper.m */; };
		31DE5B8ECE40B2CD9A4F47F3 /* CoreUpdate.m in Sources */ = {isa = PBXBuildFile; fileRef = 31DE5512CF62944E00DF1C60 /* CoreUpdate.m */; };
		31DE5B96995A3967F8BB98F3 /* StoryTVC.m in Sources */ = {isa = PBXBuildFile; fileRef = 31DE5AE65162774BE3F0A211 /* StoryTVC.m */; };
		31DE5BB7C5D1BABB3A9299F0 /* TextDelegateHandler.m in Sources */ = {isa = PBXBuildFile; fileRef = 31DE53C103F9E9E6C79E8C87 /* TextDelegateHandler.m */; };
		31DE5C24083D3F3B49A698F5 /* README.md in Sources */ = {isa = PBXBuildFile; fileRef = 31DE5B940A43BC8CE461B38D /* README.md */; };
		31DE5CC4C8375AF43012A5F8 /* CoreCreate.m in Sources */ = {isa = PBXBuildFile; fileRef = 31DE5D33942788327E05E050 /* CoreCreate.m */; };
		31DE5CD8F429931158255DF6 /* SnapDelete.m in Sources */ = {isa = PBXBuildFile; fileRef = 31DE5C5B1F7B1E651A2C68AA /* SnapDelete.m */; };
		31DE5CDF7745A7FEB70A0DE2 /* VideoLayer.m in Sources */ = {isa = PBXBuildFile; fileRef = 31DE5C6A030CA6AFC377EEF8 /* VideoLayer.m */; };
		31DE5D21CC8F6D779DBD3FA9 /* SnapTableViewCell.m in Sources */ = {isa = PBXBuildFile; fileRef = 31DE517EAB056A81F35E9C1C /* SnapTableViewCell.m */; };
		31DE5D3ADC7D4EE5E78EEE3D /* FriendTableViewCell.xib in Resources */ = {isa = PBXBuildFile; fileRef = 31DE588A7E08B45555F8523F /* FriendTableViewCell.xib */; };
		31DE5D678ACB43A1484AA5FD /* SendToUsersTVC.m in Sources */ = {isa = PBXBuildFile; fileRef = 31DE53338485141E052D36C0 /* SendToUsersTVC.m */; };
		31DE5DCA11268A4908892EB8 /* Delete.m in Sources */ = {isa = PBXBuildFile; fileRef = 31DE54BB317A0C88A4A10BAC /* Delete.m */; };
		31DE5EA43CE4A46F3E7E004C /* StorySnapViewController.m in Sources */ = {isa = PBXBuildFile; fileRef = 31DE5575CBF5E02E52A4DF90 /* StorySnapViewController.m */; };
		31DE5EB00F6C8230A22A9015 /* GetHelper.m in Sources */ = {isa = PBXBuildFile; fileRef = 31DE5BC1CB7D9A2C77DB1504 /* GetHelper.m */; };
		31DE5EB6744ED0152B82F4BD /* StoryTVCTester.m in Sources */ = {isa = PBXBuildFile; fileRef = 31DE56BECB16733E3B9174BD /* StoryTVCTester.m */; };
		31DE5EC3DED5845923814B76 /* MiddleViewController.m in Sources */ = {isa = PBXBuildFile; fileRef = 31DE598F0FC019ACD5CDB212 /* MiddleViewController.m */; };
		31DE5ED8CA24035B3CEFCC2A /* SnapCreate.m in Sources */ = {isa = PBXBuildFile; fileRef = 31DE54D0B552D424EA70EEFA /* SnapCreate.m */; };
		31DE5F79701FB8DCD5DCF10E /* READMEORDONT copy.txt in Resources */ = {isa = PBXBuildFile; fileRef = 31DE5C81A43ED180F9D19E1C /* READMEORDONT copy.txt */; };
		31DE5F79F80A859C1884A690 /* CoreDelete.m in Sources */ = {isa = PBXBuildFile; fileRef = 31DE58F5ED6D0C68A3A8735A /* CoreDelete.m */; };
		31DE5F9D56D35EFEF27430B5 /* SnapTVC.m in Sources */ = {isa = PBXBuildFile; fileRef = 31DE572F17D4479D43200677 /* SnapTVC.m */; };
		31DE5FD949D029BB1C2A8750 /* AddedMeTVC.m in Sources */ = {isa = PBXBuildFile; fileRef = 31DE5F223644C47B3D73AE86 /* AddedMeTVC.m */; };
		31DE5FE2C7A6EC5531A1EC4A /* AccountSettingsTVC.m in Sources */ = {isa = PBXBuildFile; fileRef = 31DE5EDD3CD2F01837F64804 /* AccountSettingsTVC.m */; };
/* End PBXBuildFile section */

/* Begin PBXContainerItemProxy section */
		0342F25F1D2BA36F0038FC3D /* PBXContainerItemProxy */ = {
			isa = PBXContainerItemProxy;
			containerPortal = 0342F23D1D2BA36F0038FC3D /* Project object */;
			proxyType = 1;
			remoteGlobalIDString = 0342F2441D2BA36F0038FC3D;
			remoteInfo = BasicSnapPictureViewer;
		};
		0342F26A1D2BA36F0038FC3D /* PBXContainerItemProxy */ = {
			isa = PBXContainerItemProxy;
			containerPortal = 0342F23D1D2BA36F0038FC3D /* Project object */;
			proxyType = 1;
			remoteGlobalIDString = 0342F2441D2BA36F0038FC3D;
			remoteInfo = BasicSnapPictureViewer;
		};
/* End PBXContainerItemProxy section */

/* Begin PBXFileReference section */
		0316B54C1D35C1070096C2DF /* Friend.h */ = {isa = PBXFileReference; fileEncoding = 4; lastKnownFileType = sourcecode.c.h; name = Friend.h; path = ../Friend.h; sourceTree = "<group>"; };
		0316B54D1D35C1070096C2DF /* Friend.m */ = {isa = PBXFileReference; fileEncoding = 4; lastKnownFileType = sourcecode.c.objc; name = Friend.m; path = ../Friend.m; sourceTree = "<group>"; };
		032D3C541D345F94003E2C99 /* ContentFinishedViewController.h */ = {isa = PBXFileReference; fileEncoding = 4; lastKnownFileType = sourcecode.c.h; path = ContentFinishedViewController.h; sourceTree = "<group>"; };
		032D3C551D345F94003E2C99 /* ContentFinishedViewController.m */ = {isa = PBXFileReference; fileEncoding = 4; lastKnownFileType = sourcecode.c.objc; path = ContentFinishedViewController.m; sourceTree = "<group>"; };
		032D3C5E1D34B6C9003E2C99 /* Content.h */ = {isa = PBXFileReference; fileEncoding = 4; lastKnownFileType = sourcecode.c.h; name = Content.h; path = ../Content.h; sourceTree = "<group>"; };
		032D3C5F1D34B6C9003E2C99 /* Content.m */ = {isa = PBXFileReference; fileEncoding = 4; lastKnownFileType = sourcecode.c.objc; name = Content.m; path = ../Content.m; sourceTree = "<group>"; };
		033E7B7B1D41998600B8FD3D /* DeleteMethodTests.m */ = {isa = PBXFileReference; fileEncoding = 4; lastKnownFileType = sourcecode.c.objc; path = DeleteMethodTests.m; sourceTree = "<group>"; };
		033E7B7D1D41D28300B8FD3D /* RestfulSnapCRUD.h */ = {isa = PBXFileReference; fileEncoding = 4; lastKnownFileType = sourcecode.c.h; path = RestfulSnapCRUD.h; sourceTree = "<group>"; };
		033E7B7E1D41D28300B8FD3D /* RestfulSnapCRUD.m */ = {isa = PBXFileReference; fileEncoding = 4; lastKnownFileType = sourcecode.c.objc; path = RestfulSnapCRUD.m; sourceTree = "<group>"; };
		033E7B801D44169000B8FD3D /* SendAndDeleteTest.m */ = {isa = PBXFileReference; fileEncoding = 4; lastKnownFileType = sourcecode.c.objc; path = SendAndDeleteTest.m; sourceTree = "<group>"; };
		033E7B821D44390F00B8FD3D /* TestSnapTVC.m */ = {isa = PBXFileReference; fileEncoding = 4; lastKnownFileType = sourcecode.c.objc; path = TestSnapTVC.m; sourceTree = "<group>"; };
		033E7B841D44486F00B8FD3D /* AddFriendTVC.h */ = {isa = PBXFileReference; fileEncoding = 4; lastKnownFileType = sourcecode.c.h; path = AddFriendTVC.h; sourceTree = "<group>"; };
		033E7B851D44487000B8FD3D /* AddFriendTVC.m */ = {isa = PBXFileReference; fileEncoding = 4; lastKnownFileType = sourcecode.c.objc; path = AddFriendTVC.m; sourceTree = "<group>"; };
		033FC2441D46A35600FAD37B /* SendAndReceiveSnapTVCTest.m */ = {isa = PBXFileReference; fileEncoding = 4; lastKnownFileType = sourcecode.c.objc; path = SendAndReceiveSnapTVCTest.m; sourceTree = "<group>"; };
		033FC2481D47463500FAD37B /* SnapchatViewController.h */ = {isa = PBXFileReference; fileEncoding = 4; lastKnownFileType = sourcecode.c.h; path = SnapchatViewController.h; sourceTree = "<group>"; };
		033FC2491D47463500FAD37B /* SnapchatViewController.m */ = {isa = PBXFileReference; fileEncoding = 4; lastKnownFileType = sourcecode.c.objc; path = SnapchatViewController.m; sourceTree = "<group>"; };
		033FC24B1D47471E00FAD37B /* SnapStoryViewController.h */ = {isa = PBXFileReference; fileEncoding = 4; lastKnownFileType = sourcecode.c.h; path = SnapStoryViewController.h; sourceTree = "<group>"; };
		033FC24C1D47471E00FAD37B /* SnapStoryViewController.m */ = {isa = PBXFileReference; fileEncoding = 4; lastKnownFileType = sourcecode.c.objc; path = SnapStoryViewController.m; sourceTree = "<group>"; };
		033FC2501D489F9500FAD37B /* LoginAndRegisterViewController.h */ = {isa = PBXFileReference; fileEncoding = 4; lastKnownFileType = sourcecode.c.h; path = LoginAndRegisterViewController.h; sourceTree = "<group>"; };
		033FC2511D489F9500FAD37B /* LoginAndRegisterViewController.m */ = {isa = PBXFileReference; fileEncoding = 4; lastKnownFileType = sourcecode.c.objc; path = LoginAndRegisterViewController.m; sourceTree = "<group>"; };
		0342F2451D2BA36F0038FC3D /* BasicSnapPictureViewer.app */ = {isa = PBXFileReference; explicitFileType = wrapper.application; includeInIndex = 0; path = BasicSnapPictureViewer.app; sourceTree = BUILT_PRODUCTS_DIR; };
		0342F2491D2BA36F0038FC3D /* main.m */ = {isa = PBXFileReference; lastKnownFileType = sourcecode.c.objc; path = main.m; sourceTree = "<group>"; };
		0342F24B1D2BA36F0038FC3D /* AppDelegate.h */ = {isa = PBXFileReference; lastKnownFileType = sourcecode.c.h; path = AppDelegate.h; sourceTree = "<group>"; };
		0342F24C1D2BA36F0038FC3D /* AppDelegate.m */ = {isa = PBXFileReference; lastKnownFileType = sourcecode.c.objc; path = AppDelegate.m; sourceTree = "<group>"; };
		0342F24E1D2BA36F0038FC3D /* ViewController.h */ = {isa = PBXFileReference; lastKnownFileType = sourcecode.c.h; path = ViewController.h; sourceTree = "<group>"; };
		0342F24F1D2BA36F0038FC3D /* ViewController.m */ = {isa = PBXFileReference; lastKnownFileType = sourcecode.c.objc; path = ViewController.m; sourceTree = "<group>"; };
		0342F2541D2BA36F0038FC3D /* Assets.xcassets */ = {isa = PBXFileReference; lastKnownFileType = folder.assetcatalog; path = Assets.xcassets; sourceTree = "<group>"; };
		0342F2571D2BA36F0038FC3D /* Base */ = {isa = PBXFileReference; lastKnownFileType = file.storyboard; name = Base; path = Base.lproj/LaunchScreen.storyboard; sourceTree = "<group>"; };
		0342F2591D2BA36F0038FC3D /* Info.plist */ = {isa = PBXFileReference; lastKnownFileType = text.plist.xml; path = Info.plist; sourceTree = "<group>"; };
		0342F25E1D2BA36F0038FC3D /* BasicSnapPictureViewerTests.xctest */ = {isa = PBXFileReference; explicitFileType = wrapper.cfbundle; includeInIndex = 0; path = BasicSnapPictureViewerTests.xctest; sourceTree = BUILT_PRODUCTS_DIR; };
		0342F2621D2BA36F0038FC3D /* BasicSnapPictureViewerTests.m */ = {isa = PBXFileReference; lastKnownFileType = sourcecode.c.objc; path = BasicSnapPictureViewerTests.m; sourceTree = "<group>"; };
		0342F2641D2BA36F0038FC3D /* Info.plist */ = {isa = PBXFileReference; lastKnownFileType = text.plist.xml; path = Info.plist; sourceTree = "<group>"; };
		0342F2691D2BA36F0038FC3D /* BasicSnapPictureViewerUITests.xctest */ = {isa = PBXFileReference; explicitFileType = wrapper.cfbundle; includeInIndex = 0; path = BasicSnapPictureViewerUITests.xctest; sourceTree = BUILT_PRODUCTS_DIR; };
		0342F26D1D2BA36F0038FC3D /* BasicSnapPictureViewerUITests.m */ = {isa = PBXFileReference; lastKnownFileType = sourcecode.c.objc; path = BasicSnapPictureViewerUITests.m; sourceTree = "<group>"; };
		0342F26F1D2BA36F0038FC3D /* Info.plist */ = {isa = PBXFileReference; lastKnownFileType = text.plist.xml; path = Info.plist; sourceTree = "<group>"; };
		0342F27B1D2BA39C0038FC3D /* CoreDataTVC.h */ = {isa = PBXFileReference; fileEncoding = 4; lastKnownFileType = sourcecode.c.h; name = CoreDataTVC.h; path = "../../../../Downloads/LearningCoreDataForiOS_AllSourceCode/Grocery Dude/CoreDataTVC.h"; sourceTree = "<group>"; };
		0342F27C1D2BA39C0038FC3D /* CoreDataTVC.m */ = {isa = PBXFileReference; fileEncoding = 4; lastKnownFileType = sourcecode.c.objc; name = CoreDataTVC.m; path = "../../../../Downloads/LearningCoreDataForiOS_AllSourceCode/Grocery Dude/CoreDataTVC.m"; sourceTree = "<group>"; };
		0342F27D1D2BA39C0038FC3D /* CoreDataHelper.h */ = {isa = PBXFileReference; fileEncoding = 4; lastKnownFileType = sourcecode.c.h; name = CoreDataHelper.h; path = "../../../../Downloads/LearningCoreDataForiOS_AllSourceCode/Grocery Dude/Grocery Dude/CoreDataHelper.h"; sourceTree = "<group>"; };
		0342F27E1D2BA39C0038FC3D /* CoreDataHelper.m */ = {isa = PBXFileReference; fileEncoding = 4; lastKnownFileType = sourcecode.c.objc; name = CoreDataHelper.m; path = "../../../../Downloads/LearningCoreDataForiOS_AllSourceCode/Grocery Dude/Grocery Dude/CoreDataHelper.m"; sourceTree = "<group>"; };
		0342F2841D2BA4CF0038FC3D /* Model.xcdatamodel */ = {isa = PBXFileReference; lastKnownFileType = wrapper.xcdatamodel; path = Model.xcdatamodel; sourceTree = "<group>"; };
		0342F2B21D2BBF920038FC3D /* Main.storyboard */ = {isa = PBXFileReference; fileEncoding = 4; lastKnownFileType = file.storyboard; path = Main.storyboard; sourceTree = "<group>"; };
		036A0AD21D4952B600AE6FC8 /* Snap+CoreDataProperties.h */ = {isa = PBXFileReference; fileEncoding = 4; lastKnownFileType = sourcecode.c.h; name = "Snap+CoreDataProperties.h"; path = "../Snap+CoreDataProperties.h"; sourceTree = "<group>"; };
		036A0AD31D4952B600AE6FC8 /* Snap+CoreDataProperties.m */ = {isa = PBXFileReference; fileEncoding = 4; lastKnownFileType = sourcecode.c.objc; name = "Snap+CoreDataProperties.m"; path = "../Snap+CoreDataProperties.m"; sourceTree = "<group>"; };
		036A0AD41D4952B600AE6FC8 /* Friend+CoreDataProperties.h */ = {isa = PBXFileReference; fileEncoding = 4; lastKnownFileType = sourcecode.c.h; name = "Friend+CoreDataProperties.h"; path = "../Friend+CoreDataProperties.h"; sourceTree = "<group>"; };
		036A0AD51D4952B600AE6FC8 /* Friend+CoreDataProperties.m */ = {isa = PBXFileReference; fileEncoding = 4; lastKnownFileType = sourcecode.c.objc; name = "Friend+CoreDataProperties.m"; path = "../Friend+CoreDataProperties.m"; sourceTree = "<group>"; };
		036A0AD61D4952B600AE6FC8 /* Story+CoreDataProperties.h */ = {isa = PBXFileReference; fileEncoding = 4; lastKnownFileType = sourcecode.c.h; name = "Story+CoreDataProperties.h"; path = "../Story+CoreDataProperties.h"; sourceTree = "<group>"; };
		036A0AD71D4952B600AE6FC8 /* Story+CoreDataProperties.m */ = {isa = PBXFileReference; fileEncoding = 4; lastKnownFileType = sourcecode.c.objc; name = "Story+CoreDataProperties.m"; path = "../Story+CoreDataProperties.m"; sourceTree = "<group>"; };
		036A0AE31D497CAA00AE6FC8 /* UserInfo+CoreDataProperties.h */ = {isa = PBXFileReference; fileEncoding = 4; lastKnownFileType = sourcecode.c.h; name = "UserInfo+CoreDataProperties.h"; path = "../UserInfo+CoreDataProperties.h"; sourceTree = "<group>"; };
		036A0AE41D497CAA00AE6FC8 /* UserInfo+CoreDataProperties.m */ = {isa = PBXFileReference; fileEncoding = 4; lastKnownFileType = sourcecode.c.objc; name = "UserInfo+CoreDataProperties.m"; path = "../UserInfo+CoreDataProperties.m"; sourceTree = "<group>"; };
		037446741D409D0D00DC7C1C /* Content+CoreDataProperties.h */ = {isa = PBXFileReference; fileEncoding = 4; lastKnownFileType = sourcecode.c.h; name = "Content+CoreDataProperties.h"; path = "../Content+CoreDataProperties.h"; sourceTree = "<group>"; };
		037446751D409D0D00DC7C1C /* Content+CoreDataProperties.m */ = {isa = PBXFileReference; fileEncoding = 4; lastKnownFileType = sourcecode.c.objc; name = "Content+CoreDataProperties.m"; path = "../Content+CoreDataProperties.m"; sourceTree = "<group>"; };
		037446771D40DCD300DC7C1C /* PostMethodTester.m */ = {isa = PBXFileReference; fileEncoding = 4; lastKnownFileType = sourcecode.c.objc; path = PostMethodTester.m; sourceTree = "<group>"; };
		037AC5441D35D68500342E1C /* UserInfo.h */ = {isa = PBXFileReference; fileEncoding = 4; lastKnownFileType = sourcecode.c.h; name = UserInfo.h; path = ../UserInfo.h; sourceTree = "<group>"; };
		037AC5451D35D68500342E1C /* UserInfo.m */ = {isa = PBXFileReference; fileEncoding = 4; lastKnownFileType = sourcecode.c.objc; name = UserInfo.m; path = ../UserInfo.m; sourceTree = "<group>"; };
		038C39CD1D2CD8F400C8560C /* MainViewController.h */ = {isa = PBXFileReference; fileEncoding = 4; lastKnownFileType = sourcecode.c.h; name = MainViewController.h; path = ../../SnapchatLayout/SnapchatLayout/MainViewController.h; sourceTree = "<group>"; };
		038C39CE1D2CD8F400C8560C /* MainViewController.m */ = {isa = PBXFileReference; fileEncoding = 4; lastKnownFileType = sourcecode.c.objc; name = MainViewController.m; path = ../../SnapchatLayout/SnapchatLayout/MainViewController.m; sourceTree = "<group>"; };
		038C39D31D2CD92200C8560C /* SettingsViewController.h */ = {isa = PBXFileReference; fileEncoding = 4; lastKnownFileType = sourcecode.c.h; name = SettingsViewController.h; path = ../../SnapchatLayout/SnapchatLayout/SettingsViewController.h; sourceTree = "<group>"; };
		038C39D41D2CD92200C8560C /* SettingsViewController.m */ = {isa = PBXFileReference; fileEncoding = 4; lastKnownFileType = sourcecode.c.objc; name = SettingsViewController.m; path = ../../SnapchatLayout/SnapchatLayout/SettingsViewController.m; sourceTree = "<group>"; };
		038C39DB1D2CDB8B00C8560C /* Utility.h */ = {isa = PBXFileReference; lastKnownFileType = sourcecode.c.h; path = Utility.h; sourceTree = "<group>"; };
		038C39DC1D2CDE6600C8560C /* SwipeViewController.h */ = {isa = PBXFileReference; fileEncoding = 4; lastKnownFileType = sourcecode.c.h; name = SwipeViewController.h; path = ../PageViewSnap/PageViewSnap/SwipeViewController.h; sourceTree = "<group>"; };
		038C39DD1D2CDE6600C8560C /* SwipeViewController.m */ = {isa = PBXFileReference; fileEncoding = 4; lastKnownFileType = sourcecode.c.objc; name = SwipeViewController.m; path = ../PageViewSnap/PageViewSnap/SwipeViewController.m; sourceTree = "<group>"; };
		03938EFD1D35BE8C00E44BF3 /* Snap.h */ = {isa = PBXFileReference; fileEncoding = 4; lastKnownFileType = sourcecode.c.h; name = Snap.h; path = ../Snap.h; sourceTree = "<group>"; };
		03938EFE1D35BE8C00E44BF3 /* Snap.m */ = {isa = PBXFileReference; fileEncoding = 4; lastKnownFileType = sourcecode.c.objc; name = Snap.m; path = ../Snap.m; sourceTree = "<group>"; };
		03983CC21D2DEF3E0033A3F9 /* Story.h */ = {isa = PBXFileReference; fileEncoding = 4; lastKnownFileType = sourcecode.c.h; name = Story.h; path = ../Story.h; sourceTree = "<group>"; };
		03983CC31D2DEF3E0033A3F9 /* Story.m */ = {isa = PBXFileReference; fileEncoding = 4; lastKnownFileType = sourcecode.c.objc; name = Story.m; path = ../Story.m; sourceTree = "<group>"; };
		039F56E31D374CD000DC68BB /* trailerParkClip.mov */ = {isa = PBXFileReference; lastKnownFileType = video.quicktime; name = trailerParkClip.mov; path = trailerPark/trailerParkClip.mov; sourceTree = "<group>"; };
		039F56ED1D397E7E00DC68BB /* Utility.m */ = {isa = PBXFileReference; fileEncoding = 4; lastKnownFileType = sourcecode.c.objc; path = Utility.m; sourceTree = "<group>"; };
		039F572E1D3A0CAE00DC68BB /* PictureEditorView.xib */ = {isa = PBXFileReference; fileEncoding = 4; lastKnownFileType = file.xib; path = PictureEditorView.xib; sourceTree = "<group>"; };
		03BAAA241D2F2FDC000A51B2 /* AccountCell.h */ = {isa = PBXFileReference; fileEncoding = 4; lastKnownFileType = sourcecode.c.h; path = AccountCell.h; sourceTree = "<group>"; };
		03BAAA251D2F2FDC000A51B2 /* AccountCell.m */ = {isa = PBXFileReference; fileEncoding = 4; lastKnownFileType = sourcecode.c.objc; path = AccountCell.m; sourceTree = "<group>"; };
		03BAAA271D2F2FEA000A51B2 /* AccountCell.xib */ = {isa = PBXFileReference; fileEncoding = 4; lastKnownFileType = file.xib; path = AccountCell.xib; sourceTree = "<group>"; };
		31DE5031478D92E5CB857AE5 /* SnapTableViewCell.xib */ = {isa = PBXFileReference; lastKnownFileType = file.xib; path = SnapTableViewCell.xib; sourceTree = "<group>"; };
		31DE507B71EB6F2C69BDFD7B /* TestHelper.h */ = {isa = PBXFileReference; fileEncoding = 4; lastKnownFileType = sourcecode.c.h; path = TestHelper.h; sourceTree = "<group>"; };
		31DE508882CB06CE99C03DDA /* VideoLayer.h */ = {isa = PBXFileReference; fileEncoding = 4; lastKnownFileType = sourcecode.c.h; path = VideoLayer.h; sourceTree = "<group>"; };
		31DE50D484B3A15F5736AB8E /* Command.h */ = {isa = PBXFileReference; fileEncoding = 4; lastKnownFileType = sourcecode.c.h; path = Command.h; sourceTree = "<group>"; };
		31DE50DC00480FD1A569B5D9 /* ContentDisplayer.m */ = {isa = PBXFileReference; fileEncoding = 4; lastKnownFileType = sourcecode.c.objc; path = ContentDisplayer.m; sourceTree = "<group>"; };
		31DE517EAB056A81F35E9C1C /* SnapTableViewCell.m */ = {isa = PBXFileReference; fileEncoding = 4; lastKnownFileType = sourcecode.c.objc; path = SnapTableViewCell.m; sourceTree = "<group>"; };
		31DE51983B9A05C5C1DE3CA5 /* SnapTVCTester.m */ = {isa = PBXFileReference; fileEncoding = 4; lastKnownFileType = sourcecode.c.objc; path = SnapTVCTester.m; sourceTree = "<group>"; };
		31DE51A1B06155567C23B28E /* StorySnapViewController.h */ = {isa = PBXFileReference; fileEncoding = 4; lastKnownFileType = sourcecode.c.h; path = StorySnapViewController.h; sourceTree = "<group>"; };
		31DE520CAAC43254F3C895C7 /* CoreRead.h */ = {isa = PBXFileReference; fileEncoding = 4; lastKnownFileType = sourcecode.c.h; path = CoreRead.h; sourceTree = "<group>"; };
		31DE52184FA393C436F866DF /* StoryTVC.h */ = {isa = PBXFileReference; fileEncoding = 4; lastKnownFileType = sourcecode.c.h; path = StoryTVC.h; sourceTree = "<group>"; };
		31DE527FA6604C3F432AB2D1 /* AAPLCameraViewController.m */ = {isa = PBXFileReference; fileEncoding = 4; lastKnownFileType = sourcecode.c.objc; path = AAPLCameraViewController.m; sourceTree = "<group>"; };
		31DE531D4318AA36282A590C /* SnapViewerViewController.h */ = {isa = PBXFileReference; fileEncoding = 4; lastKnownFileType = sourcecode.c.h; path = SnapViewerViewController.h; sourceTree = "<group>"; };
		31DE53338485141E052D36C0 /* SendToUsersTVC.m */ = {isa = PBXFileReference; fileEncoding = 4; lastKnownFileType = sourcecode.c.objc; path = SendToUsersTVC.m; sourceTree = "<group>"; };
		31DE533597FA5D04BCDF1B82 /* StoryTVCTester.h */ = {isa = PBXFileReference; fileEncoding = 4; lastKnownFileType = sourcecode.c.h; path = StoryTVCTester.h; sourceTree = "<group>"; };
		31DE5355E4D23E1CEA15AAA6 /* PictureViewController.m */ = {isa = PBXFileReference; fileEncoding = 4; lastKnownFileType = sourcecode.c.objc; name = PictureViewController.m; path = ../../../SnapchatLayout/SnapchatLayout/PictureViewController.m; sourceTree = "<group>"; };
		31DE536040CFFDEA5DF8E3D5 /* PictureEditorView.h */ = {isa = PBXFileReference; fileEncoding = 4; lastKnownFileType = sourcecode.c.h; path = PictureEditorView.h; sourceTree = "<group>"; };
		31DE53AB1CD02036D2D3C54A /* CoreCRUD.h */ = {isa = PBXFileReference; fileEncoding = 4; lastKnownFileType = sourcecode.c.h; path = CoreCRUD.h; sourceTree = "<group>"; };
		31DE53C103F9E9E6C79E8C87 /* TextDelegateHandler.m */ = {isa = PBXFileReference; fileEncoding = 4; lastKnownFileType = sourcecode.c.objc; path = TextDelegateHandler.m; sourceTree = "<group>"; };
		31DE53CBF8A3557CDFE1803E /* AccountSettingsTVC.h */ = {isa = PBXFileReference; fileEncoding = 4; lastKnownFileType = sourcecode.c.h; path = AccountSettingsTVC.h; sourceTree = "<group>"; };
		31DE53DC4FF5B10504BBA11A /* FriendTVC.h */ = {isa = PBXFileReference; fileEncoding = 4; lastKnownFileType = sourcecode.c.h; path = FriendTVC.h; sourceTree = "<group>"; };
		31DE5415EAFFFDA69ECA3E84 /* TestHelper.m */ = {isa = PBXFileReference; fileEncoding = 4; lastKnownFileType = sourcecode.c.objc; path = TestHelper.m; sourceTree = "<group>"; };
		31DE54BB317A0C88A4A10BAC /* Delete.m */ = {isa = PBXFileReference; fileEncoding = 4; lastKnownFileType = sourcecode.c.objc; path = Delete.m; sourceTree = "<group>"; };
		31DE54BC3094828FD77F4029 /* AAPLCameraViewController.h */ = {isa = PBXFileReference; fileEncoding = 4; lastKnownFileType = sourcecode.c.h; path = AAPLCameraViewController.h; sourceTree = "<group>"; };
		31DE54BED94441DB719DDDFC /* SnapTransitionDelegate.m */ = {isa = PBXFileReference; fileEncoding = 4; lastKnownFileType = sourcecode.c.objc; path = SnapTransitionDelegate.m; sourceTree = "<group>"; };
		31DE54D0B552D424EA70EEFA /* SnapCreate.m */ = {isa = PBXFileReference; fileEncoding = 4; lastKnownFileType = sourcecode.c.objc; path = SnapCreate.m; sourceTree = "<group>"; };
		31DE5512CF62944E00DF1C60 /* CoreUpdate.m */ = {isa = PBXFileReference; fileEncoding = 4; lastKnownFileType = sourcecode.c.objc; path = CoreUpdate.m; sourceTree = "<group>"; };
		31DE55167FB77CE9B713F873 /* Get.m */ = {isa = PBXFileReference; fileEncoding = 4; lastKnownFileType = sourcecode.c.objc; path = Get.m; sourceTree = "<group>"; };
		31DE5535648C2A4B807B65DC /* SnapRead.h */ = {isa = PBXFileReference; fileEncoding = 4; lastKnownFileType = sourcecode.c.h; path = SnapRead.h; sourceTree = "<group>"; };
		31DE556118B9C82A5288C056 /* StoryViewerDelegate.h */ = {isa = PBXFileReference; fileEncoding = 4; lastKnownFileType = sourcecode.c.h; path = StoryViewerDelegate.h; sourceTree = "<group>"; };
		31DE5575CBF5E02E52A4DF90 /* StorySnapViewController.m */ = {isa = PBXFileReference; fileEncoding = 4; lastKnownFileType = sourcecode.c.objc; path = StorySnapViewController.m; sourceTree = "<group>"; };
		31DE56000FBEE7D88446AA77 /* HTTPHelper.m */ = {isa = PBXFileReference; fileEncoding = 4; lastKnownFileType = sourcecode.c.objc; path = HTTPHelper.m; sourceTree = "<group>"; };
		31DE560CB515BA11E54F9AF9 /* SnapRead.m */ = {isa = PBXFileReference; fileEncoding = 4; lastKnownFileType = sourcecode.c.objc; path = SnapRead.m; sourceTree = "<group>"; };
		31DE5637A61C3E6450D4E738 /* TabBarObserver.h */ = {isa = PBXFileReference; fileEncoding = 4; lastKnownFileType = sourcecode.c.h; name = TabBarObserver.h; path = ../../SnapchatLayout/SnapchatLayout/TabBarObserver.h; sourceTree = "<group>"; };
		31DE568278B550B7A293A026 /* AddedMeTVC.h */ = {isa = PBXFileReference; fileEncoding = 4; lastKnownFileType = sourcecode.c.h; path = AddedMeTVC.h; sourceTree = "<group>"; };
		31DE56BECB16733E3B9174BD /* StoryTVCTester.m */ = {isa = PBXFileReference; fileEncoding = 4; lastKnownFileType = sourcecode.c.objc; path = StoryTVCTester.m; sourceTree = "<group>"; };
		31DE56DEFD786EB744441F63 /* SnapCreate.h */ = {isa = PBXFileReference; fileEncoding = 4; lastKnownFileType = sourcecode.c.h; path = SnapCreate.h; sourceTree = "<group>"; };
		31DE5704C58945AE6A35A350 /* ContentDisplayer.h */ = {isa = PBXFileReference; fileEncoding = 4; lastKnownFileType = sourcecode.c.h; path = ContentDisplayer.h; sourceTree = "<group>"; };
		31DE572AACFE80E1014D0752 /* AAPLAppDelegate.h */ = {isa = PBXFileReference; fileEncoding = 4; lastKnownFileType = sourcecode.c.h; path = AAPLAppDelegate.h; sourceTree = "<group>"; };
		31DE572F17D4479D43200677 /* SnapTVC.m */ = {isa = PBXFileReference; fileEncoding = 4; lastKnownFileType = sourcecode.c.objc; path = SnapTVC.m; sourceTree = SOURCE_ROOT; };
		31DE573BCE563A703DCF6024 /* TabBarObserver.m */ = {isa = PBXFileReference; fileEncoding = 4; lastKnownFileType = sourcecode.c.objc; name = TabBarObserver.m; path = ../../SnapchatLayout/SnapchatLayout/TabBarObserver.m; sourceTree = "<group>"; };
		31DE574502EDB11C0C70D416 /* READMEORDONT.txt */ = {isa = PBXFileReference; fileEncoding = 4; lastKnownFileType = text; path = READMEORDONT.txt; sourceTree = "<group>"; };
		31DE5773E97898245521B411 /* Command.m */ = {isa = PBXFileReference; fileEncoding = 4; lastKnownFileType = sourcecode.c.objc; path = Command.m; sourceTree = "<group>"; };
		31DE57C81BAF38E425A33ECF /* AAPLPreviewView.m */ = {isa = PBXFileReference; fileEncoding = 4; lastKnownFileType = sourcecode.c.objc; path = AAPLPreviewView.m; sourceTree = "<group>"; };
		31DE58204A09E0305FE81A17 /* SnapTableViewCell.h */ = {isa = PBXFileReference; fileEncoding = 4; lastKnownFileType = sourcecode.c.h; path = SnapTableViewCell.h; sourceTree = "<group>"; };
		31DE588A7E08B45555F8523F /* FriendTableViewCell.xib */ = {isa = PBXFileReference; lastKnownFileType = file.xib; path = FriendTableViewCell.xib; sourceTree = "<group>"; };
		31DE58AA86A19E75964E88BB /* SnapTransitionDelegate.h */ = {isa = PBXFileReference; fileEncoding = 4; lastKnownFileType = sourcecode.c.h; path = SnapTransitionDelegate.h; sourceTree = "<group>"; };
		31DE58AB924A1B0DB4D2F237 /* PictureEditorView.m */ = {isa = PBXFileReference; fileEncoding = 4; lastKnownFileType = sourcecode.c.objc; path = PictureEditorView.m; sourceTree = "<group>"; };
		31DE58F5ED6D0C68A3A8735A /* CoreDelete.m */ = {isa = PBXFileReference; fileEncoding = 4; lastKnownFileType = sourcecode.c.objc; path = CoreDelete.m; sourceTree = "<group>"; };
		31DE590BAAA15B7F478C9545 /* SnapTVCTester.h */ = {isa = PBXFileReference; fileEncoding = 4; lastKnownFileType = sourcecode.c.h; path = SnapTVCTester.h; sourceTree = "<group>"; };
		31DE598F0FC019ACD5CDB212 /* MiddleViewController.m */ = {isa = PBXFileReference; fileEncoding = 4; lastKnownFileType = sourcecode.c.objc; path = MiddleViewController.m; sourceTree = SOURCE_ROOT; };
		31DE5992985347EEF30BA8D8 /* GetHelper.h */ = {isa = PBXFileReference; fileEncoding = 4; lastKnownFileType = sourcecode.c.h; path = GetHelper.h; sourceTree = "<group>"; };
		31DE59C120F1C67DC08B36D6 /* Post.h */ = {isa = PBXFileReference; fileEncoding = 4; lastKnownFileType = sourcecode.c.h; path = Post.h; sourceTree = "<group>"; };
		31DE5A2106FE72FEB21E6262 /* LICENSE.txt */ = {isa = PBXFileReference; fileEncoding = 4; lastKnownFileType = text; path = LICENSE.txt; sourceTree = "<group>"; };
		31DE5A22AA17B1BCDAA06987 /* Post.m */ = {isa = PBXFileReference; fileEncoding = 4; lastKnownFileType = sourcecode.c.objc; path = Post.m; sourceTree = "<group>"; };
		31DE5A47B08CC66CCBDA0F4B /* SnapTransition.h */ = {isa = PBXFileReference; fileEncoding = 4; lastKnownFileType = sourcecode.c.h; path = SnapTransition.h; sourceTree = "<group>"; };
		31DE5A830E5E7373920B092C /* SnapViewerViewController.m */ = {isa = PBXFileReference; fileEncoding = 4; lastKnownFileType = sourcecode.c.objc; path = SnapViewerViewController.m; sourceTree = "<group>"; };
		31DE5A86A410DF28F2911577 /* PictureViewerInterface.h */ = {isa = PBXFileReference; fileEncoding = 4; lastKnownFileType = sourcecode.c.h; path = PictureViewerInterface.h; sourceTree = "<group>"; };
		31DE5A9DE0BEEC06653D2263 /* StoryTableViewCell.xib */ = {isa = PBXFileReference; lastKnownFileType = file.xib; path = StoryTableViewCell.xib; sourceTree = "<group>"; };
		31DE5AD7C209FB7036E08F48 /* FriendTableViewCell.h */ = {isa = PBXFileReference; fileEncoding = 4; lastKnownFileType = sourcecode.c.h; path = FriendTableViewCell.h; sourceTree = "<group>"; };
		31DE5AE65162774BE3F0A211 /* StoryTVC.m */ = {isa = PBXFileReference; fileEncoding = 4; lastKnownFileType = sourcecode.c.objc; path = StoryTVC.m; sourceTree = "<group>"; };
		31DE5B12A228D8AD7DB65836 /* StoryTableViewCell.m */ = {isa = PBXFileReference; fileEncoding = 4; lastKnownFileType = sourcecode.c.objc; path = StoryTableViewCell.m; sourceTree = "<group>"; };
		31DE5B3D190BA532F1DE7821 /* SnapDelete.h */ = {isa = PBXFileReference; fileEncoding = 4; lastKnownFileType = sourcecode.c.h; path = SnapDelete.h; sourceTree = "<group>"; };
		31DE5B3F60045E79C6DC0667 /* HTTPHelper.h */ = {isa = PBXFileReference; fileEncoding = 4; lastKnownFileType = sourcecode.c.h; path = HTTPHelper.h; sourceTree = "<group>"; };
		31DE5B6519EBA9D433E4EF0A /* TextDelegateHandler.h */ = {isa = PBXFileReference; fileEncoding = 4; lastKnownFileType = sourcecode.c.h; path = TextDelegateHandler.h; sourceTree = "<group>"; };
		31DE5B917D6E544460638427 /* MiddleViewController.h */ = {isa = PBXFileReference; fileEncoding = 4; lastKnownFileType = sourcecode.c.h; path = MiddleViewController.h; sourceTree = SOURCE_ROOT; };
		31DE5B940A43BC8CE461B38D /* README.md */ = {isa = PBXFileReference; fileEncoding = 4; lastKnownFileType = net.daringfireball.markdown; path = README.md; sourceTree = "<group>"; };
		31DE5B96671FFD65CC231E81 /* Delete.h */ = {isa = PBXFileReference; fileEncoding = 4; lastKnownFileType = sourcecode.c.h; path = Delete.h; sourceTree = "<group>"; };
		31DE5B9C415D2B078FFBB786 /* Rest.h */ = {isa = PBXFileReference; fileEncoding = 4; lastKnownFileType = sourcecode.c.h; path = Rest.h; sourceTree = "<group>"; };
		31DE5BABDF5A2CF2F122AA43 /* MyFriendsTVC.m */ = {isa = PBXFileReference; fileEncoding = 4; lastKnownFileType = sourcecode.c.objc; path = MyFriendsTVC.m; sourceTree = "<group>"; };
		31DE5BB609C20BA90741E992 /* SnapUpdate.h */ = {isa = PBXFileReference; fileEncoding = 4; lastKnownFileType = sourcecode.c.h; path = SnapUpdate.h; sourceTree = "<group>"; };
		31DE5BC17AA54C17F55CDA7E /* CoreCreate.h */ = {isa = PBXFileReference; fileEncoding = 4; lastKnownFileType = sourcecode.c.h; path = CoreCreate.h; sourceTree = "<group>"; };
		31DE5BC1CB7D9A2C77DB1504 /* GetHelper.m */ = {isa = PBXFileReference; fileEncoding = 4; lastKnownFileType = sourcecode.c.objc; path = GetHelper.m; sourceTree = "<group>"; };
		31DE5C1A2B89D10D223DE8A9 /* AAPLPreviewView.h */ = {isa = PBXFileReference; fileEncoding = 4; lastKnownFileType = sourcecode.c.h; path = AAPLPreviewView.h; sourceTree = "<group>"; };
		31DE5C1FA4F8314888DED7FF /* FriendTVC.m */ = {isa = PBXFileReference; fileEncoding = 4; lastKnownFileType = sourcecode.c.objc; path = FriendTVC.m; sourceTree = "<group>"; };
		31DE5C5B1F7B1E651A2C68AA /* SnapDelete.m */ = {isa = PBXFileReference; fileEncoding = 4; lastKnownFileType = sourcecode.c.objc; path = SnapDelete.m; sourceTree = "<group>"; };
		31DE5C6A030CA6AFC377EEF8 /* VideoLayer.m */ = {isa = PBXFileReference; fileEncoding = 4; lastKnownFileType = sourcecode.c.objc; path = VideoLayer.m; sourceTree = "<group>"; };
		31DE5C6E06C52BE98DFDD670 /* READMEORDONT.txt */ = {isa = PBXFileReference; fileEncoding = 4; lastKnownFileType = text; path = READMEORDONT.txt; sourceTree = "<group>"; };
		31DE5C7864B06A1F59400566 /* CoreUpdate.h */ = {isa = PBXFileReference; fileEncoding = 4; lastKnownFileType = sourcecode.c.h; path = CoreUpdate.h; sourceTree = "<group>"; };
		31DE5C81A43ED180F9D19E1C /* READMEORDONT copy.txt */ = {isa = PBXFileReference; fileEncoding = 4; lastKnownFileType = text; path = "READMEORDONT copy.txt"; sourceTree = "<group>"; };
		31DE5CABF2EA96677E5F8F97 /* Get.h */ = {isa = PBXFileReference; fileEncoding = 4; lastKnownFileType = sourcecode.c.h; path = Get.h; sourceTree = "<group>"; };
		31DE5D07040D72F670464267 /* FriendTableViewCell.m */ = {isa = PBXFileReference; fileEncoding = 4; lastKnownFileType = sourcecode.c.objc; path = FriendTableViewCell.m; sourceTree = "<group>"; };
		31DE5D257D85912892439A48 /* CoreRead.m */ = {isa = PBXFileReference; fileEncoding = 4; lastKnownFileType = sourcecode.c.objc; path = CoreRead.m; sourceTree = "<group>"; };
		31DE5D33942788327E05E050 /* CoreCreate.m */ = {isa = PBXFileReference; fileEncoding = 4; lastKnownFileType = sourcecode.c.objc; path = CoreCreate.m; sourceTree = "<group>"; };
		31DE5DA91DC445B8F67F259C /* StoryTableViewCell.h */ = {isa = PBXFileReference; fileEncoding = 4; lastKnownFileType = sourcecode.c.h; path = StoryTableViewCell.h; sourceTree = "<group>"; };
		31DE5DEB4891FD036F4B37ED /* SendToFriendTableViewCell.xib */ = {isa = PBXFileReference; lastKnownFileType = file.xib; path = SendToFriendTableViewCell.xib; sourceTree = "<group>"; };
		31DE5DF45006E5D07E5EF57B /* SnapTVC.h */ = {isa = PBXFileReference; fileEncoding = 4; lastKnownFileType = sourcecode.c.h; path = SnapTVC.h; sourceTree = SOURCE_ROOT; };
		31DE5E2EF4F885389AF729A9 /* SendToFriendTableViewCell.h */ = {isa = PBXFileReference; fileEncoding = 4; lastKnownFileType = sourcecode.c.h; path = SendToFriendTableViewCell.h; sourceTree = "<group>"; };
		31DE5E553C7DBC7332162A26 /* READMEORDONT.txt */ = {isa = PBXFileReference; fileEncoding = 4; lastKnownFileType = text; path = READMEORDONT.txt; sourceTree = SOURCE_ROOT; };
		31DE5E5ADFB756176D355AA0 /* SendToFriendTableViewCell.m */ = {isa = PBXFileReference; fileEncoding = 4; lastKnownFileType = sourcecode.c.objc; path = SendToFriendTableViewCell.m; sourceTree = "<group>"; };
		31DE5E78252DA6FF0436743D /* CoreDelete.h */ = {isa = PBXFileReference; fileEncoding = 4; lastKnownFileType = sourcecode.c.h; path = CoreDelete.h; sourceTree = "<group>"; };
		31DE5E83513A18A274AED3E4 /* SendToUsersTVC.h */ = {isa = PBXFileReference; fileEncoding = 4; lastKnownFileType = sourcecode.c.h; path = SendToUsersTVC.h; sourceTree = "<group>"; };
		31DE5ED2D8DCA9CEF603DDB4 /* SnapUpdate.m */ = {isa = PBXFileReference; fileEncoding = 4; lastKnownFileType = sourcecode.c.objc; path = SnapUpdate.m; sourceTree = "<group>"; };
		31DE5EDD3CD2F01837F64804 /* AccountSettingsTVC.m */ = {isa = PBXFileReference; fileEncoding = 4; lastKnownFileType = sourcecode.c.objc; path = AccountSettingsTVC.m; sourceTree = "<group>"; };
		31DE5EE734C40F9031D5D602 /* MyFriendsTVC.h */ = {isa = PBXFileReference; fileEncoding = 4; lastKnownFileType = sourcecode.c.h; path = MyFriendsTVC.h; sourceTree = "<group>"; };
		31DE5F223644C47B3D73AE86 /* AddedMeTVC.m */ = {isa = PBXFileReference; fileEncoding = 4; lastKnownFileType = sourcecode.c.objc; path = AddedMeTVC.m; sourceTree = "<group>"; };
		31DE5FD737E25CEBA8EBC114 /* PictureViewController.h */ = {isa = PBXFileReference; fileEncoding = 4; lastKnownFileType = sourcecode.c.h; name = PictureViewController.h; path = ../../../SnapchatLayout/SnapchatLayout/PictureViewController.h; sourceTree = "<group>"; };
		31DE5FF11502E93A767EC303 /* AAPLAppDelegate.m */ = {isa = PBXFileReference; fileEncoding = 4; lastKnownFileType = sourcecode.c.objc; path = AAPLAppDelegate.m; sourceTree = "<group>"; };
/* End PBXFileReference section */

/* Begin PBXFrameworksBuildPhase section */
		0342F2421D2BA36F0038FC3D /* Frameworks */ = {
			isa = PBXFrameworksBuildPhase;
			buildActionMask = 2147483647;
			files = (
			);
			runOnlyForDeploymentPostprocessing = 0;
		};
		0342F25B1D2BA36F0038FC3D /* Frameworks */ = {
			isa = PBXFrameworksBuildPhase;
			buildActionMask = 2147483647;
			files = (
			);
			runOnlyForDeploymentPostprocessing = 0;
		};
		0342F2661D2BA36F0038FC3D /* Frameworks */ = {
			isa = PBXFrameworksBuildPhase;
			buildActionMask = 2147483647;
			files = (
			);
			runOnlyForDeploymentPostprocessing = 0;
		};
/* End PBXFrameworksBuildPhase section */

/* Begin PBXGroup section */
		032D3C531D345F61003E2C99 /* PictureController */ = {
			isa = PBXGroup;
			children = (
				31DE534AD71E0023E3704A9B /* AVCam */,
				032D3C541D345F94003E2C99 /* ContentFinishedViewController.h */,
				032D3C551D345F94003E2C99 /* ContentFinishedViewController.m */,
				31DE58AB924A1B0DB4D2F237 /* PictureEditorView.m */,
				31DE536040CFFDEA5DF8E3D5 /* PictureEditorView.h */,
				039F572E1D3A0CAE00DC68BB /* PictureEditorView.xib */,
			);
			name = PictureController;
			sourceTree = "<group>";
		};
		033FC24E1D47472500FAD37B /* TVCParentViewControllers */ = {
			isa = PBXGroup;
			children = (
				033FC24B1D47471E00FAD37B /* SnapStoryViewController.h */,
				033FC24C1D47471E00FAD37B /* SnapStoryViewController.m */,
				033FC2481D47463500FAD37B /* SnapchatViewController.h */,
				033FC2491D47463500FAD37B /* SnapchatViewController.m */,
			);
			name = TVCParentViewControllers;
			sourceTree = "<group>";
		};
		033FC24F1D489D3D00FAD37B /* LoginAndRegister */ = {
			isa = PBXGroup;
			children = (
				033FC2501D489F9500FAD37B /* LoginAndRegisterViewController.h */,
				033FC2511D489F9500FAD37B /* LoginAndRegisterViewController.m */,
			);
			name = LoginAndRegister;
			path = ..;
			sourceTree = "<group>";
		};
		0342F23C1D2BA36F0038FC3D = {
			isa = PBXGroup;
			children = (
				039F56ED1D397E7E00DC68BB /* Utility.m */,
				039F56E31D374CD000DC68BB /* trailerParkClip.mov */,
				038C39DB1D2CDB8B00C8560C /* Utility.h */,
				0342F2471D2BA36F0038FC3D /* BasicSnapPictureViewer */,
				0342F2611D2BA36F0038FC3D /* BasicSnapPictureViewerTests */,
				0342F26C1D2BA36F0038FC3D /* BasicSnapPictureViewerUITests */,
				0342F2461D2BA36F0038FC3D /* Products */,
			);
			sourceTree = "<group>";
		};
		0342F2461D2BA36F0038FC3D /* Products */ = {
			isa = PBXGroup;
			children = (
				0342F2451D2BA36F0038FC3D /* BasicSnapPictureViewer.app */,
				0342F25E1D2BA36F0038FC3D /* BasicSnapPictureViewerTests.xctest */,
				0342F2691D2BA36F0038FC3D /* BasicSnapPictureViewerUITests.xctest */,
			);
			name = Products;
			sourceTree = "<group>";
		};
		0342F2471D2BA36F0038FC3D /* BasicSnapPictureViewer */ = {
			isa = PBXGroup;
			children = (
				033FC24F1D489D3D00FAD37B /* LoginAndRegister */,
				037446721D400F7000DC7C1C /* Rest */,
				038C39D01D2CD90700C8560C /* MiddleCameraAndSettingsView */,
				038C39631D2C685700C8560C /* TVC */,
				038C39DF1D2CDE6A00C8560C /* ViewControllerSuperClasses */,
				0342F2821D2BA4C20038FC3D /* Core Data */,
				0342F2811D2BA3A00038FC3D /* Generic Core Data Classes */,
				0342F24B1D2BA36F0038FC3D /* AppDelegate.h */,
				0342F24C1D2BA36F0038FC3D /* AppDelegate.m */,
				0342F2B21D2BBF920038FC3D /* Main.storyboard */,
				038C39CD1D2CD8F400C8560C /* MainViewController.h */,
				038C39CE1D2CD8F400C8560C /* MainViewController.m */,
				0342F24E1D2BA36F0038FC3D /* ViewController.h */,
				0342F24F1D2BA36F0038FC3D /* ViewController.m */,
				0342F2541D2BA36F0038FC3D /* Assets.xcassets */,
				0342F2561D2BA36F0038FC3D /* LaunchScreen.storyboard */,
				0342F2591D2BA36F0038FC3D /* Info.plist */,
				0342F2481D2BA36F0038FC3D /* Supporting Files */,
				31DE5B968445F43848F5E60B /* TestPackage */,
				31DE5C5088336C99C0E49AE8 /* CustomeViewTransitions */,
				31DE5F16A73F559C3C2A8B92 /* SnapCRUD */,
			);
			path = BasicSnapPictureViewer;
			sourceTree = "<group>";
		};
		0342F2481D2BA36F0038FC3D /* Supporting Files */ = {
			isa = PBXGroup;
			children = (
				0342F2491D2BA36F0038FC3D /* main.m */,
				31DE573BCE563A703DCF6024 /* TabBarObserver.m */,
				31DE5637A61C3E6450D4E738 /* TabBarObserver.h */,
				31DE53C103F9E9E6C79E8C87 /* TextDelegateHandler.m */,
				31DE5B6519EBA9D433E4EF0A /* TextDelegateHandler.h */,
			);
			name = "Supporting Files";
			sourceTree = "<group>";
		};
		0342F2611D2BA36F0038FC3D /* BasicSnapPictureViewerTests */ = {
			isa = PBXGroup;
			children = (
				0342F2621D2BA36F0038FC3D /* BasicSnapPictureViewerTests.m */,
				0342F2641D2BA36F0038FC3D /* Info.plist */,
				037446771D40DCD300DC7C1C /* PostMethodTester.m */,
				033E7B7B1D41998600B8FD3D /* DeleteMethodTests.m */,
				033E7B801D44169000B8FD3D /* SendAndDeleteTest.m */,
				033FC2441D46A35600FAD37B /* SendAndReceiveSnapTVCTest.m */,
				31DE5415EAFFFDA69ECA3E84 /* TestHelper.m */,
				31DE507B71EB6F2C69BDFD7B /* TestHelper.h */,
			);
			path = BasicSnapPictureViewerTests;
			sourceTree = "<group>";
		};
		0342F26C1D2BA36F0038FC3D /* BasicSnapPictureViewerUITests */ = {
			isa = PBXGroup;
			children = (
				0342F26D1D2BA36F0038FC3D /* BasicSnapPictureViewerUITests.m */,
				0342F26F1D2BA36F0038FC3D /* Info.plist */,
				033E7B821D44390F00B8FD3D /* TestSnapTVC.m */,
			);
			path = BasicSnapPictureViewerUITests;
			sourceTree = "<group>";
		};
		0342F2811D2BA3A00038FC3D /* Generic Core Data Classes */ = {
			isa = PBXGroup;
			children = (
				0342F27B1D2BA39C0038FC3D /* CoreDataTVC.h */,
				0342F27C1D2BA39C0038FC3D /* CoreDataTVC.m */,
				0342F27D1D2BA39C0038FC3D /* CoreDataHelper.h */,
				0342F27E1D2BA39C0038FC3D /* CoreDataHelper.m */,
				31DE53720814E5FA286E60EC /* CoreDataCRUD */,
				31DE5C81A43ED180F9D19E1C /* READMEORDONT copy.txt */,
			);
			name = "Generic Core Data Classes";
			sourceTree = "<group>";
		};
		0342F2821D2BA4C20038FC3D /* Core Data */ = {
			isa = PBXGroup;
			children = (
				036A0AE01D49530D00AE6FC8 /* ContentCoreData */,
				036A0ADF1D49530300AE6FC8 /* FriendCoreData */,
				036A0ADC1D4952DF00AE6FC8 /* SnapCoreData */,
				036A0ADD1D4952EA00AE6FC8 /* StoryCoreData */,
				036A0ADE1D4952F100AE6FC8 /* UserInfoCoreData */,
				0342F2831D2BA4CF0038FC3D /* Model.xcdatamodeld */,
			);
			name = "Core Data";
			sourceTree = "<group>";
		};
		036A0ADC1D4952DF00AE6FC8 /* SnapCoreData */ = {
			isa = PBXGroup;
			children = (
				03938EFD1D35BE8C00E44BF3 /* Snap.h */,
				03938EFE1D35BE8C00E44BF3 /* Snap.m */,
				036A0AD21D4952B600AE6FC8 /* Snap+CoreDataProperties.h */,
				036A0AD31D4952B600AE6FC8 /* Snap+CoreDataProperties.m */,
			);
			name = SnapCoreData;
			sourceTree = "<group>";
		};
		036A0ADD1D4952EA00AE6FC8 /* StoryCoreData */ = {
			isa = PBXGroup;
			children = (
				03983CC21D2DEF3E0033A3F9 /* Story.h */,
				03983CC31D2DEF3E0033A3F9 /* Story.m */,
				036A0AD61D4952B600AE6FC8 /* Story+CoreDataProperties.h */,
				036A0AD71D4952B600AE6FC8 /* Story+CoreDataProperties.m */,
			);
			name = StoryCoreData;
			sourceTree = "<group>";
		};
		036A0ADE1D4952F100AE6FC8 /* UserInfoCoreData */ = {
			isa = PBXGroup;
			children = (
				037AC5441D35D68500342E1C /* UserInfo.h */,
				037AC5451D35D68500342E1C /* UserInfo.m */,
				036A0AE31D497CAA00AE6FC8 /* UserInfo+CoreDataProperties.h */,
				036A0AE41D497CAA00AE6FC8 /* UserInfo+CoreDataProperties.m */,
			);
			name = UserInfoCoreData;
			sourceTree = "<group>";
		};
		036A0ADF1D49530300AE6FC8 /* FriendCoreData */ = {
			isa = PBXGroup;
			children = (
				0316B54C1D35C1070096C2DF /* Friend.h */,
				0316B54D1D35C1070096C2DF /* Friend.m */,
				036A0AD41D4952B600AE6FC8 /* Friend+CoreDataProperties.h */,
				036A0AD51D4952B600AE6FC8 /* Friend+CoreDataProperties.m */,
			);
			name = FriendCoreData;
			sourceTree = "<group>";
		};
		036A0AE01D49530D00AE6FC8 /* ContentCoreData */ = {
			isa = PBXGroup;
			children = (
				032D3C5E1D34B6C9003E2C99 /* Content.h */,
				032D3C5F1D34B6C9003E2C99 /* Content.m */,
				037446741D409D0D00DC7C1C /* Content+CoreDataProperties.h */,
				037446751D409D0D00DC7C1C /* Content+CoreDataProperties.m */,
			);
			name = ContentCoreData;
			sourceTree = "<group>";
		};
		037446721D400F7000DC7C1C /* Rest */ = {
			isa = PBXGroup;
			children = (
				037446731D400F7D00DC7C1C /* Methods */,
				31DE56000FBEE7D88446AA77 /* HTTPHelper.m */,
				31DE5B3F60045E79C6DC0667 /* HTTPHelper.h */,
				31DE5C6E06C52BE98DFDD670 /* READMEORDONT.txt */,
			);
			name = Rest;
			sourceTree = "<group>";
		};
		037446731D400F7D00DC7C1C /* Methods */ = {
			isa = PBXGroup;
			children = (
				31DE55167FB77CE9B713F873 /* Get.m */,
				31DE5CABF2EA96677E5F8F97 /* Get.h */,
				31DE5A22AA17B1BCDAA06987 /* Post.m */,
				31DE59C120F1C67DC08B36D6 /* Post.h */,
				31DE54BB317A0C88A4A10BAC /* Delete.m */,
				31DE5B96671FFD65CC231E81 /* Delete.h */,
				31DE5B9C415D2B078FFBB786 /* Rest.h */,
				31DE5B3A89E186A27EABAAB4 /* HelperMethods */,
				31DE5773E97898245521B411 /* Command.m */,
				31DE50D484B3A15F5736AB8E /* Command.h */,
			);
			name = Methods;
			sourceTree = "<group>";
		};
		038C39631D2C685700C8560C /* TVC */ = {
			isa = PBXGroup;
			children = (
				033FC24E1D47472500FAD37B /* TVCParentViewControllers */,
				31DE5D08359ADDC58D7089F8 /* FriendTVControllers */,
				31DE530D2FABD8490500AF67 /* SnapTVControllers */,
				31DE57DF4D3FFD3475A6C23C /* FriendTableViewCells */,
			);
			name = TVC;
			sourceTree = "<group>";
		};
		038C39D01D2CD90700C8560C /* MiddleCameraAndSettingsView */ = {
			isa = PBXGroup;
			children = (
				032D3C531D345F61003E2C99 /* PictureController */,
				038C39D31D2CD92200C8560C /* SettingsViewController.h */,
				038C39D41D2CD92200C8560C /* SettingsViewController.m */,
				31DE5DC9F370BCD751858BE1 /* AccountSettingsControllers */,
				31DE598F0FC019ACD5CDB212 /* MiddleViewController.m */,
				31DE5B917D6E544460638427 /* MiddleViewController.h */,
				31DE5E553C7DBC7332162A26 /* READMEORDONT.txt */,
			);
			name = MiddleCameraAndSettingsView;
			sourceTree = "<group>";
		};
		038C39DF1D2CDE6A00C8560C /* ViewControllerSuperClasses */ = {
			isa = PBXGroup;
			children = (
				038C39DC1D2CDE6600C8560C /* SwipeViewController.h */,
				038C39DD1D2CDE6600C8560C /* SwipeViewController.m */,
			);
			name = ViewControllerSuperClasses;
			path = ..;
			sourceTree = "<group>";
		};
		31DE530D2FABD8490500AF67 /* SnapTVControllers */ = {
			isa = PBXGroup;
			children = (
				31DE5DF45006E5D07E5EF57B /* SnapTVC.h */,
				31DE572F17D4479D43200677 /* SnapTVC.m */,
				31DE52184FA393C436F866DF /* StoryTVC.h */,
				31DE5AE65162774BE3F0A211 /* StoryTVC.m */,
				31DE5DBA86AAA4B5F1B529A8 /* SnapCellControllers */,
				31DE54B0A57EFDF844CE9704 /* TVCTableViewCells */,
			);
			name = SnapTVControllers;
			sourceTree = "<group>";
		};
		31DE534AD71E0023E3704A9B /* AVCam */ = {
			isa = PBXGroup;
			children = (
				31DE572AACFE80E1014D0752 /* AAPLAppDelegate.h */,
				31DE5FF11502E93A767EC303 /* AAPLAppDelegate.m */,
				31DE5C1A2B89D10D223DE8A9 /* AAPLPreviewView.h */,
				31DE57C81BAF38E425A33ECF /* AAPLPreviewView.m */,
				31DE54BC3094828FD77F4029 /* AAPLCameraViewController.h */,
				31DE527FA6604C3F432AB2D1 /* AAPLCameraViewController.m */,
				31DE5A2106FE72FEB21E6262 /* LICENSE.txt */,
				31DE5B940A43BC8CE461B38D /* README.md */,
				31DE5355E4D23E1CEA15AAA6 /* PictureViewController.m */,
				31DE5FD737E25CEBA8EBC114 /* PictureViewController.h */,
			);
			path = AVCam;
			sourceTree = "<group>";
		};
		31DE53720814E5FA286E60EC /* CoreDataCRUD */ = {
			isa = PBXGroup;
			children = (
				31DE5D33942788327E05E050 /* CoreCreate.m */,
				31DE5BC17AA54C17F55CDA7E /* CoreCreate.h */,
				31DE5D257D85912892439A48 /* CoreRead.m */,
				31DE520CAAC43254F3C895C7 /* CoreRead.h */,
				31DE5512CF62944E00DF1C60 /* CoreUpdate.m */,
				31DE5C7864B06A1F59400566 /* CoreUpdate.h */,
				31DE58F5ED6D0C68A3A8735A /* CoreDelete.m */,
				31DE5E78252DA6FF0436743D /* CoreDelete.h */,
				31DE53AB1CD02036D2D3C54A /* CoreCRUD.h */,
			);
			name = CoreDataCRUD;
			sourceTree = "<group>";
		};
		31DE54B0A57EFDF844CE9704 /* TVCTableViewCells */ = {
			isa = PBXGroup;
			children = (
				31DE5031478D92E5CB857AE5 /* SnapTableViewCell.xib */,
				31DE58204A09E0305FE81A17 /* SnapTableViewCell.h */,
				31DE517EAB056A81F35E9C1C /* SnapTableViewCell.m */,
				31DE5A9DE0BEEC06653D2263 /* StoryTableViewCell.xib */,
				31DE5DA91DC445B8F67F259C /* StoryTableViewCell.h */,
				31DE5B12A228D8AD7DB65836 /* StoryTableViewCell.m */,
			);
			name = TVCTableViewCells;
			sourceTree = "<group>";
		};
		31DE57DF4D3FFD3475A6C23C /* FriendTableViewCells */ = {
			isa = PBXGroup;
			children = (
				31DE588A7E08B45555F8523F /* FriendTableViewCell.xib */,
				31DE5AD7C209FB7036E08F48 /* FriendTableViewCell.h */,
				31DE5D07040D72F670464267 /* FriendTableViewCell.m */,
				31DE5E2EF4F885389AF729A9 /* SendToFriendTableViewCell.h */,
				31DE5E5ADFB756176D355AA0 /* SendToFriendTableViewCell.m */,
				31DE5DEB4891FD036F4B37ED /* SendToFriendTableViewCell.xib */,
			);
			name = FriendTableViewCells;
			sourceTree = "<group>";
		};
		31DE5B3A89E186A27EABAAB4 /* HelperMethods */ = {
			isa = PBXGroup;
			children = (
				31DE5BC1CB7D9A2C77DB1504 /* GetHelper.m */,
				31DE5992985347EEF30BA8D8 /* GetHelper.h */,
			);
			name = HelperMethods;
			sourceTree = "<group>";
		};
		31DE5B968445F43848F5E60B /* TestPackage */ = {
			isa = PBXGroup;
			children = (
				31DE51983B9A05C5C1DE3CA5 /* SnapTVCTester.m */,
				31DE590BAAA15B7F478C9545 /* SnapTVCTester.h */,
				31DE56BECB16733E3B9174BD /* StoryTVCTester.m */,
				31DE533597FA5D04BCDF1B82 /* StoryTVCTester.h */,
			);
			path = TestPackage;
			sourceTree = "<group>";
		};
		31DE5C5088336C99C0E49AE8 /* CustomeViewTransitions */ = {
			isa = PBXGroup;
			children = (
				31DE54BED94441DB719DDDFC /* SnapTransitionDelegate.m */,
				31DE58AA86A19E75964E88BB /* SnapTransitionDelegate.h */,
				31DE5A47B08CC66CCBDA0F4B /* SnapTransition.h */,
			);
			name = CustomeViewTransitions;
			sourceTree = "<group>";
		};
		31DE5D08359ADDC58D7089F8 /* FriendTVControllers */ = {
			isa = PBXGroup;
			children = (
				31DE568278B550B7A293A026 /* AddedMeTVC.h */,
				31DE5F223644C47B3D73AE86 /* AddedMeTVC.m */,
				31DE53DC4FF5B10504BBA11A /* FriendTVC.h */,
				31DE5C1FA4F8314888DED7FF /* FriendTVC.m */,
				31DE5EE734C40F9031D5D602 /* MyFriendsTVC.h */,
				31DE5BABDF5A2CF2F122AA43 /* MyFriendsTVC.m */,
				31DE53338485141E052D36C0 /* SendToUsersTVC.m */,
				31DE5E83513A18A274AED3E4 /* SendToUsersTVC.h */,
				033E7B841D44486F00B8FD3D /* AddFriendTVC.h */,
				033E7B851D44487000B8FD3D /* AddFriendTVC.m */,
			);
			name = FriendTVControllers;
			sourceTree = "<group>";
		};
		31DE5DBA86AAA4B5F1B529A8 /* SnapCellControllers */ = {
			isa = PBXGroup;
			children = (
				31DE531D4318AA36282A590C /* SnapViewerViewController.h */,
				31DE5A830E5E7373920B092C /* SnapViewerViewController.m */,
				31DE5575CBF5E02E52A4DF90 /* StorySnapViewController.m */,
				31DE51A1B06155567C23B28E /* StorySnapViewController.h */,
				31DE5A86A410DF28F2911577 /* PictureViewerInterface.h */,
				31DE556118B9C82A5288C056 /* StoryViewerDelegate.h */,
				31DE50DC00480FD1A569B5D9 /* ContentDisplayer.m */,
				31DE5704C58945AE6A35A350 /* ContentDisplayer.h */,
				31DE5C6A030CA6AFC377EEF8 /* VideoLayer.m */,
				31DE508882CB06CE99C03DDA /* VideoLayer.h */,
			);
			path = SnapCellControllers;
			sourceTree = "<group>";
		};
		31DE5DC9F370BCD751858BE1 /* AccountSettingsControllers */ = {
			isa = PBXGroup;
			children = (
				31DE5EDD3CD2F01837F64804 /* AccountSettingsTVC.m */,
				31DE53CBF8A3557CDFE1803E /* AccountSettingsTVC.h */,
				03BAAA241D2F2FDC000A51B2 /* AccountCell.h */,
				03BAAA251D2F2FDC000A51B2 /* AccountCell.m */,
				03BAAA271D2F2FEA000A51B2 /* AccountCell.xib */,
			);
			name = AccountSettingsControllers;
			path = AuxiliaryViewControllers;
			sourceTree = SOURCE_ROOT;
		};
		31DE5F16A73F559C3C2A8B92 /* SnapCRUD */ = {
			isa = PBXGroup;
			children = (
				31DE54D0B552D424EA70EEFA /* SnapCreate.m */,
				31DE56DEFD786EB744441F63 /* SnapCreate.h */,
				31DE5ED2D8DCA9CEF603DDB4 /* SnapUpdate.m */,
				31DE5BB609C20BA90741E992 /* SnapUpdate.h */,
				31DE5C5B1F7B1E651A2C68AA /* SnapDelete.m */,
				31DE5B3D190BA532F1DE7821 /* SnapDelete.h */,
				31DE560CB515BA11E54F9AF9 /* SnapRead.m */,
				31DE5535648C2A4B807B65DC /* SnapRead.h */,
				033E7B7D1D41D28300B8FD3D /* RestfulSnapCRUD.h */,
				033E7B7E1D41D28300B8FD3D /* RestfulSnapCRUD.m */,
				31DE574502EDB11C0C70D416 /* READMEORDONT.txt */,
			);
			path = SnapCRUD;
			sourceTree = "<group>";
		};
/* End PBXGroup section */

/* Begin PBXNativeTarget section */
		0342F2441D2BA36F0038FC3D /* BasicSnapPictureViewer */ = {
			isa = PBXNativeTarget;
			buildConfigurationList = 0342F2721D2BA36F0038FC3D /* Build configuration list for PBXNativeTarget "BasicSnapPictureViewer" */;
			buildPhases = (
				0342F2421D2BA36F0038FC3D /* Frameworks */,
				0342F2411D2BA36F0038FC3D /* Sources */,
				0342F2431D2BA36F0038FC3D /* Resources */,
			);
			buildRules = (
			);
			dependencies = (
			);
			name = BasicSnapPictureViewer;
			productName = BasicSnapPictureViewer;
			productReference = 0342F2451D2BA36F0038FC3D /* BasicSnapPictureViewer.app */;
			productType = "com.apple.product-type.application";
		};
		0342F25D1D2BA36F0038FC3D /* BasicSnapPictureViewerTests */ = {
			isa = PBXNativeTarget;
			buildConfigurationList = 0342F2751D2BA36F0038FC3D /* Build configuration list for PBXNativeTarget "BasicSnapPictureViewerTests" */;
			buildPhases = (
				0342F25A1D2BA36F0038FC3D /* Sources */,
				0342F25B1D2BA36F0038FC3D /* Frameworks */,
				0342F25C1D2BA36F0038FC3D /* Resources */,
			);
			buildRules = (
			);
			dependencies = (
				0342F2601D2BA36F0038FC3D /* PBXTargetDependency */,
			);
			name = BasicSnapPictureViewerTests;
			productName = BasicSnapPictureViewerTests;
			productReference = 0342F25E1D2BA36F0038FC3D /* BasicSnapPictureViewerTests.xctest */;
			productType = "com.apple.product-type.bundle.unit-test";
		};
		0342F2681D2BA36F0038FC3D /* BasicSnapPictureViewerUITests */ = {
			isa = PBXNativeTarget;
			buildConfigurationList = 0342F2781D2BA36F0038FC3D /* Build configuration list for PBXNativeTarget "BasicSnapPictureViewerUITests" */;
			buildPhases = (
				0342F2651D2BA36F0038FC3D /* Sources */,
				0342F2661D2BA36F0038FC3D /* Frameworks */,
				0342F2671D2BA36F0038FC3D /* Resources */,
			);
			buildRules = (
			);
			dependencies = (
				0342F26B1D2BA36F0038FC3D /* PBXTargetDependency */,
			);
			name = BasicSnapPictureViewerUITests;
			productName = BasicSnapPictureViewerUITests;
			productReference = 0342F2691D2BA36F0038FC3D /* BasicSnapPictureViewerUITests.xctest */;
			productType = "com.apple.product-type.bundle.ui-testing";
		};
/* End PBXNativeTarget section */

/* Begin PBXProject section */
		0342F23D1D2BA36F0038FC3D /* Project object */ = {
			isa = PBXProject;
			attributes = {
				KnownAssetTags = (
					New,
				);
				LastUpgradeCheck = 0730;
				ORGANIZATIONNAME = joshua;
				TargetAttributes = {
					0342F2441D2BA36F0038FC3D = {
						CreatedOnToolsVersion = 7.3.1;
						DevelopmentTeam = 875M28JE7F;
					};
					0342F25D1D2BA36F0038FC3D = {
						CreatedOnToolsVersion = 7.3.1;
						TestTargetID = 0342F2441D2BA36F0038FC3D;
					};
					0342F2681D2BA36F0038FC3D = {
						CreatedOnToolsVersion = 7.3.1;
						TestTargetID = 0342F2441D2BA36F0038FC3D;
					};
				};
			};
			buildConfigurationList = 0342F2401D2BA36F0038FC3D /* Build configuration list for PBXProject "BasicSnapPictureViewer" */;
			compatibilityVersion = "Xcode 3.2";
			developmentRegion = English;
			hasScannedForEncodings = 0;
			knownRegions = (
				en,
				Base,
			);
			mainGroup = 0342F23C1D2BA36F0038FC3D;
			productRefGroup = 0342F2461D2BA36F0038FC3D /* Products */;
			projectDirPath = "";
			projectRoot = "";
			targets = (
				0342F2441D2BA36F0038FC3D /* BasicSnapPictureViewer */,
				0342F25D1D2BA36F0038FC3D /* BasicSnapPictureViewerTests */,
				0342F2681D2BA36F0038FC3D /* BasicSnapPictureViewerUITests */,
			);
		};
/* End PBXProject section */

/* Begin PBXResourcesBuildPhase section */
		0342F2431D2BA36F0038FC3D /* Resources */ = {
			isa = PBXResourcesBuildPhase;
			buildActionMask = 2147483647;
			files = (
				039F56E41D374CD000DC68BB /* trailerParkClip.mov in Resources */,
				0342F2B31D2BBF920038FC3D /* Main.storyboard in Resources */,
				03BAAA281D2F2FEA000A51B2 /* AccountCell.xib in Resources */,
				0342F2581D2BA36F0038FC3D /* LaunchScreen.storyboard in Resources */,
				0342F2551D2BA36F0038FC3D /* Assets.xcassets in Resources */,
				039F572F1D3A0CAE00DC68BB /* PictureEditorView.xib in Resources */,
				31DE57CE87B1E3F2F4043C39 /* LICENSE.txt in Resources */,
				31DE5556A3806CF5C7A95B54 /* SnapTableViewCell.xib in Resources */,
				31DE50C99C6C7DB464969DD8 /* StoryTableViewCell.xib in Resources */,
				31DE53AA167A3CF97E745B29 /* READMEORDONT.txt in Resources */,
				31DE5D3ADC7D4EE5E78EEE3D /* FriendTableViewCell.xib in Resources */,
				31DE57524C809799932EF23C /* SendToFriendTableViewCell.xib in Resources */,
				31DE59075B6C44E895B553D6 /* READMEORDONT.txt in Resources */,
				31DE5194CD0235F421FF004D /* READMEORDONT.txt in Resources */,
				31DE5F79701FB8DCD5DCF10E /* READMEORDONT copy.txt in Resources */,
			);
			runOnlyForDeploymentPostprocessing = 0;
		};
		0342F25C1D2BA36F0038FC3D /* Resources */ = {
			isa = PBXResourcesBuildPhase;
			buildActionMask = 2147483647;
			files = (
			);
			runOnlyForDeploymentPostprocessing = 0;
		};
		0342F2671D2BA36F0038FC3D /* Resources */ = {
			isa = PBXResourcesBuildPhase;
			buildActionMask = 2147483647;
			files = (
			);
			runOnlyForDeploymentPostprocessing = 0;
		};
/* End PBXResourcesBuildPhase section */

/* Begin PBXSourcesBuildPhase section */
		0342F2411D2BA36F0038FC3D /* Sources */ = {
			isa = PBXSourcesBuildPhase;
			buildActionMask = 2147483647;
			files = (
				03983CC51D2DEF3E0033A3F9 /* Story.m in Sources */,
				0316B54F1D35C1070096C2DF /* Friend.m in Sources */,
				0342F27F1D2BA39C0038FC3D /* CoreDataTVC.m in Sources */,
				0342F2501D2BA36F0038FC3D /* ViewController.m in Sources */,
				0342F24D1D2BA36F0038FC3D /* AppDelegate.m in Sources */,
				0342F2801D2BA39C0038FC3D /* CoreDataHelper.m in Sources */,
				038C39CF1D2CD8F400C8560C /* MainViewController.m in Sources */,
				032D3C561D345F94003E2C99 /* ContentFinishedViewController.m in Sources */,
				0342F24A1D2BA36F0038FC3D /* main.m in Sources */,
				0342F2851D2BA4CF0038FC3D /* Model.xcdatamodeld in Sources */,
				038C39D81D2CD92200C8560C /* SettingsViewController.m in Sources */,
				038C39DE1D2CDE6600C8560C /* SwipeViewController.m in Sources */,
				032D3C611D34B6C9003E2C99 /* Content.m in Sources */,
				31DE53D247329B9E6D37697C /* SnapTVCTester.m in Sources */,
				037446761D409D0D00DC7C1C /* Content+CoreDataProperties.m in Sources */,
				31DE5EB6744ED0152B82F4BD /* StoryTVCTester.m in Sources */,
				31DE56344924A7F67078DFED /* SnapTransitionDelegate.m in Sources */,
				03BAAA261D2F2FDC000A51B2 /* AccountCell.m in Sources */,
				036A0AD81D4952B600AE6FC8 /* Snap+CoreDataProperties.m in Sources */,
				033FC24A1D47463500FAD37B /* SnapchatViewController.m in Sources */,
				31DE5FE2C7A6EC5531A1EC4A /* AccountSettingsTVC.m in Sources */,
				31DE5FD949D029BB1C2A8750 /* AddedMeTVC.m in Sources */,
				31DE542436A2C40269DD9F01 /* FriendTVC.m in Sources */,
				31DE568DB79E625D91E40B23 /* MyFriendsTVC.m in Sources */,
				31DE5F9D56D35EFEF27430B5 /* SnapTVC.m in Sources */,
				31DE5B96995A3967F8BB98F3 /* StoryTVC.m in Sources */,
				31DE58195AA6E85593577063 /* AAPLAppDelegate.m in Sources */,
				033E7B861D44487000B8FD3D /* AddFriendTVC.m in Sources */,
				31DE5A4F45370A64E0B58FDA /* AAPLPreviewView.m in Sources */,
				31DE53CBA8CB0FE5F5FA0753 /* AAPLCameraViewController.m in Sources */,
				31DE5C24083D3F3B49A698F5 /* README.md in Sources */,
				31DE5D678ACB43A1484AA5FD /* SendToUsersTVC.m in Sources */,
				039F56EE1D397E7E00DC68BB /* Utility.m in Sources */,
				31DE5CC4C8375AF43012A5F8 /* CoreCreate.m in Sources */,
				31DE56E69710CC38A35A4997 /* CoreRead.m in Sources */,
				037AC5481D35D68500342E1C /* UserInfo.m in Sources */,
				31DE5B8ECE40B2CD9A4F47F3 /* CoreUpdate.m in Sources */,
				036A0AD91D4952B600AE6FC8 /* Friend+CoreDataProperties.m in Sources */,
				31DE5F79F80A859C1884A690 /* CoreDelete.m in Sources */,
				036A0ADA1D4952B600AE6FC8 /* Story+CoreDataProperties.m in Sources */,
				31DE5ED8CA24035B3CEFCC2A /* SnapCreate.m in Sources */,
				31DE59A0F69152196C0EF689 /* SnapUpdate.m in Sources */,
				03938F001D35BE8C00E44BF3 /* Snap.m in Sources */,
				31DE5CD8F429931158255DF6 /* SnapDelete.m in Sources */,
				31DE56174195CE109FCE77E9 /* SnapRead.m in Sources */,
				033E7B7F1D41D28300B8FD3D /* RestfulSnapCRUD.m in Sources */,
				31DE5A075B4F4841477E4244 /* TabBarObserver.m in Sources */,
				31DE58314064B44D1D428101 /* PictureEditorView.m in Sources */,
				31DE5BB7C5D1BABB3A9299F0 /* TextDelegateHandler.m in Sources */,
				31DE58F7B8F25613C52C9DD1 /* SnapViewerViewController.m in Sources */,
				31DE5EA43CE4A46F3E7E004C /* StorySnapViewController.m in Sources */,
				31DE5A630A7872D7FF307C91 /* ContentDisplayer.m in Sources */,
				31DE5D21CC8F6D779DBD3FA9 /* SnapTableViewCell.m in Sources */,
				31DE55AD9FDF0C43363C9C35 /* StoryTableViewCell.m in Sources */,
				31DE5ADF28D41FCE02FCFA91 /* HTTPHelper.m in Sources */,
				033FC2521D489F9500FAD37B /* LoginAndRegisterViewController.m in Sources */,
				31DE59AFBAC355AFEA7C52E1 /* Get.m in Sources */,
				036A0AE51D497CAA00AE6FC8 /* UserInfo+CoreDataProperties.m in Sources */,
				31DE581DB6DD61B4CA1F560E /* Post.m in Sources */,
				31DE5DCA11268A4908892EB8 /* Delete.m in Sources */,
				31DE5EB00F6C8230A22A9015 /* GetHelper.m in Sources */,
				033FC24D1D47471E00FAD37B /* SnapStoryViewController.m in Sources */,
				31DE5122B2D59E218514A5E5 /* Command.m in Sources */,
				31DE56F29058C5A1BB5D823B /* TestHelper.m in Sources */,
				31DE5EC3DED5845923814B76 /* MiddleViewController.m in Sources */,
				31DE5CDF7745A7FEB70A0DE2 /* VideoLayer.m in Sources */,
				31DE593C65B9C97D3E403F42 /* PictureViewController.m in Sources */,
				31DE5683D9C3D0A0840E91C3 /* FriendTableViewCell.m in Sources */,
				31DE5528121CCC1666B1D2E5 /* SendToFriendTableViewCell.m in Sources */,
			);
			runOnlyForDeploymentPostprocessing = 0;
		};
		0342F25A1D2BA36F0038FC3D /* Sources */ = {
			isa = PBXSourcesBuildPhase;
			buildActionMask = 2147483647;
			files = (
				0342F2631D2BA36F0038FC3D /* BasicSnapPictureViewerTests.m in Sources */,
				033E7B7C1D41998600B8FD3D /* DeleteMethodTests.m in Sources */,
				033E7B811D44169000B8FD3D /* SendAndDeleteTest.m in Sources */,
				037446781D40DCD300DC7C1C /* PostMethodTester.m in Sources */,
				033FC2451D46A35600FAD37B /* SendAndReceiveSnapTVCTest.m in Sources */,
			);
			runOnlyForDeploymentPostprocessing = 0;
		};
		0342F2651D2BA36F0038FC3D /* Sources */ = {
			isa = PBXSourcesBuildPhase;
			buildActionMask = 2147483647;
			files = (
				0342F26E1D2BA36F0038FC3D /* BasicSnapPictureViewerUITests.m in Sources */,
				033E7B831D44390F00B8FD3D /* TestSnapTVC.m in Sources */,
			);
			runOnlyForDeploymentPostprocessing = 0;
		};
/* End PBXSourcesBuildPhase section */

/* Begin PBXTargetDependency section */
		0342F2601D2BA36F0038FC3D /* PBXTargetDependency */ = {
			isa = PBXTargetDependency;
			target = 0342F2441D2BA36F0038FC3D /* BasicSnapPictureViewer */;
			targetProxy = 0342F25F1D2BA36F0038FC3D /* PBXContainerItemProxy */;
		};
		0342F26B1D2BA36F0038FC3D /* PBXTargetDependency */ = {
			isa = PBXTargetDependency;
			target = 0342F2441D2BA36F0038FC3D /* BasicSnapPictureViewer */;
			targetProxy = 0342F26A1D2BA36F0038FC3D /* PBXContainerItemProxy */;
		};
/* End PBXTargetDependency section */

/* Begin PBXVariantGroup section */
		0342F2561D2BA36F0038FC3D /* LaunchScreen.storyboard */ = {
			isa = PBXVariantGroup;
			children = (
				0342F2571D2BA36F0038FC3D /* Base */,
			);
			name = LaunchScreen.storyboard;
			sourceTree = "<group>";
		};
/* End PBXVariantGroup section */

/* Begin XCBuildConfiguration section */
		0342F2701D2BA36F0038FC3D /* Debug */ = {
			isa = XCBuildConfiguration;
			buildSettings = {
				ALWAYS_SEARCH_USER_PATHS = NO;
				CLANG_ANALYZER_NONNULL = YES;
				CLANG_CXX_LANGUAGE_STANDARD = "gnu++0x";
				CLANG_CXX_LIBRARY = "libc++";
				CLANG_ENABLE_MODULES = YES;
				CLANG_ENABLE_OBJC_ARC = YES;
				CLANG_WARN_BOOL_CONVERSION = YES;
				CLANG_WARN_CONSTANT_CONVERSION = YES;
				CLANG_WARN_DIRECT_OBJC_ISA_USAGE = YES_ERROR;
				CLANG_WARN_EMPTY_BODY = YES;
				CLANG_WARN_ENUM_CONVERSION = YES;
				CLANG_WARN_INT_CONVERSION = NO;
				CLANG_WARN_OBJC_ROOT_CLASS = YES_ERROR;
				CLANG_WARN_UNREACHABLE_CODE = YES;
				CLANG_WARN__DUPLICATE_METHOD_MATCH = YES;
				"CODE_SIGN_IDENTITY[sdk=iphoneos*]" = "iPhone Developer";
				COPY_PHASE_STRIP = NO;
				DEBUG_INFORMATION_FORMAT = dwarf;
				ENABLE_STRICT_OBJC_MSGSEND = YES;
				ENABLE_TESTABILITY = YES;
				GCC_C_LANGUAGE_STANDARD = gnu99;
				GCC_DYNAMIC_NO_PIC = NO;
				GCC_NO_COMMON_BLOCKS = YES;
				GCC_OPTIMIZATION_LEVEL = 0;
				GCC_PREPROCESSOR_DEFINITIONS = (
					"DEBUG=1",
					"$(inherited)",
				);
				GCC_TREAT_INCOMPATIBLE_POINTER_TYPE_WARNINGS_AS_ERRORS = YES;
				GCC_WARN_64_TO_32_BIT_CONVERSION = YES;
				GCC_WARN_ABOUT_POINTER_SIGNEDNESS = YES;
				GCC_WARN_ABOUT_RETURN_TYPE = YES_ERROR;
				GCC_WARN_UNDECLARED_SELECTOR = YES;
				GCC_WARN_UNINITIALIZED_AUTOS = YES_AGGRESSIVE;
				GCC_WARN_UNUSED_FUNCTION = YES;
				GCC_WARN_UNUSED_VARIABLE = YES;
				IPHONEOS_DEPLOYMENT_TARGET = 9.3;
				MTL_ENABLE_DEBUG_INFO = YES;
				ONLY_ACTIVE_ARCH = YES;
				SDKROOT = iphoneos;
			};
			name = Debug;
		};
		0342F2711D2BA36F0038FC3D /* Release */ = {
			isa = XCBuildConfiguration;
			buildSettings = {
				ALWAYS_SEARCH_USER_PATHS = NO;
				CLANG_ANALYZER_NONNULL = YES;
				CLANG_CXX_LANGUAGE_STANDARD = "gnu++0x";
				CLANG_CXX_LIBRARY = "libc++";
				CLANG_ENABLE_MODULES = YES;
				CLANG_ENABLE_OBJC_ARC = YES;
				CLANG_WARN_BOOL_CONVERSION = YES;
				CLANG_WARN_CONSTANT_CONVERSION = YES;
				CLANG_WARN_DIRECT_OBJC_ISA_USAGE = YES_ERROR;
				CLANG_WARN_EMPTY_BODY = YES;
				CLANG_WARN_ENUM_CONVERSION = YES;
				CLANG_WARN_INT_CONVERSION = NO;
				CLANG_WARN_OBJC_ROOT_CLASS = YES_ERROR;
				CLANG_WARN_UNREACHABLE_CODE = YES;
				CLANG_WARN__DUPLICATE_METHOD_MATCH = YES;
				"CODE_SIGN_IDENTITY[sdk=iphoneos*]" = "iPhone Developer";
				COPY_PHASE_STRIP = NO;
				DEBUG_INFORMATION_FORMAT = "dwarf-with-dsym";
				ENABLE_NS_ASSERTIONS = NO;
				ENABLE_STRICT_OBJC_MSGSEND = YES;
				GCC_C_LANGUAGE_STANDARD = gnu99;
				GCC_NO_COMMON_BLOCKS = YES;
				GCC_TREAT_INCOMPATIBLE_POINTER_TYPE_WARNINGS_AS_ERRORS = YES;
				GCC_WARN_64_TO_32_BIT_CONVERSION = YES;
				GCC_WARN_ABOUT_POINTER_SIGNEDNESS = YES;
				GCC_WARN_ABOUT_RETURN_TYPE = YES_ERROR;
				GCC_WARN_UNDECLARED_SELECTOR = YES;
				GCC_WARN_UNINITIALIZED_AUTOS = YES_AGGRESSIVE;
				GCC_WARN_UNUSED_FUNCTION = YES;
				GCC_WARN_UNUSED_VARIABLE = YES;
				IPHONEOS_DEPLOYMENT_TARGET = 9.3;
				MTL_ENABLE_DEBUG_INFO = NO;
				SDKROOT = iphoneos;
				VALIDATE_PRODUCT = YES;
			};
			name = Release;
		};
		0342F2731D2BA36F0038FC3D /* Debug */ = {
			isa = XCBuildConfiguration;
			buildSettings = {
				ASSETCATALOG_COMPILER_APPICON_NAME = AppIcon;
				CLANG_WARN_INT_CONVERSION = NO;
				CLANG_WARN_OBJC_IMPLICIT_RETAIN_SELF = YES;
				CODE_SIGN_IDENTITY = "iPhone Developer";
				"CODE_SIGN_IDENTITY[sdk=iphoneos*]" = "iPhone Developer";
				GCC_TREAT_INCOMPATIBLE_POINTER_TYPE_WARNINGS_AS_ERRORS = YES;
				GCC_TREAT_WARNINGS_AS_ERRORS = NO;
				GCC_WARN_ABOUT_POINTER_SIGNEDNESS = YES;
				GCC_WARN_STRICT_SELECTOR_MATCH = YES;
				INFOPLIST_FILE = BasicSnapPictureViewer/Info.plist;
				LD_RUNPATH_SEARCH_PATHS = "$(inherited) @executable_path/Frameworks";
				PRODUCT_BUNDLE_IDENTIFIER = com.JRMCorp.BasicSnapPictureViewer;
				PRODUCT_NAME = "$(TARGET_NAME)";
				PROVISIONING_PROFILE = "";
				WARNING_CFLAGS = (
					"-fdiagnostics-show-option",
					"-Wno-switch",
					"-Werror=implicit-retain-self",
					"-Werror=missing-selector-name",
					"-Werror=format-extra-args",
					"-Werror=format",
					"-Werror=int-conversion",
					"-Werror=incompatible-pointer-types",
					"-Werror=mismatched-parameter-types",
					"-Wno-nullability-completeness",
					"-Werror=mismatched-return-types",
				);
			};
			name = Debug;
		};
		0342F2741D2BA36F0038FC3D /* Release */ = {
			isa = XCBuildConfiguration;
			buildSettings = {
				ASSETCATALOG_COMPILER_APPICON_NAME = AppIcon;
				CLANG_WARN_INT_CONVERSION = NO;
				CLANG_WARN_OBJC_IMPLICIT_RETAIN_SELF = YES;
				CODE_SIGN_IDENTITY = "iPhone Developer";
				"CODE_SIGN_IDENTITY[sdk=iphoneos*]" = "iPhone Developer";
				GCC_TREAT_INCOMPATIBLE_POINTER_TYPE_WARNINGS_AS_ERRORS = YES;
				GCC_TREAT_WARNINGS_AS_ERRORS = NO;
				GCC_WARN_ABOUT_POINTER_SIGNEDNESS = YES;
				GCC_WARN_STRICT_SELECTOR_MATCH = YES;
				INFOPLIST_FILE = BasicSnapPictureViewer/Info.plist;
				LD_RUNPATH_SEARCH_PATHS = "$(inherited) @executable_path/Frameworks";
				PRODUCT_BUNDLE_IDENTIFIER = com.JRMCorp.BasicSnapPictureViewer;
				PRODUCT_NAME = "$(TARGET_NAME)";
				PROVISIONING_PROFILE = "";
				WARNING_CFLAGS = (
					"-fdiagnostics-show-option",
					"-Wno-switch",
					"-Werror=implicit-retain-self",
					"-Werror=missing-selector-name",
					"-Werror=format-extra-args",
					"-Werror=format",
					"-Werror=int-conversion",
					"-Werror=incompatible-pointer-types",
					"-Werror=mismatched-parameter-types",
					"-Wno-nullability-completeness",
					"-Werror=mismatched-return-types",
				);
			};
			name = Release;
		};
		0342F2761D2BA36F0038FC3D /* Debug */ = {
			isa = XCBuildConfiguration;
			buildSettings = {
				BUNDLE_LOADER = "$(TEST_HOST)";
				INFOPLIST_FILE = BasicSnapPictureViewerTests/Info.plist;
				LD_RUNPATH_SEARCH_PATHS = "$(inherited) @executable_path/Frameworks @loader_path/Frameworks";
				PRODUCT_BUNDLE_IDENTIFIER = com.JRMCorp.BasicSnapPictureViewerTests;
				PRODUCT_NAME = "$(TARGET_NAME)";
				TEST_HOST = "$(BUILT_PRODUCTS_DIR)/BasicSnapPictureViewer.app/BasicSnapPictureViewer";
			};
			name = Debug;
		};
		0342F2771D2BA36F0038FC3D /* Release */ = {
			isa = XCBuildConfiguration;
			buildSettings = {
				BUNDLE_LOADER = "$(TEST_HOST)";
				INFOPLIST_FILE = BasicSnapPictureViewerTests/Info.plist;
				LD_RUNPATH_SEARCH_PATHS = "$(inherited) @executable_path/Frameworks @loader_path/Frameworks";
				PRODUCT_BUNDLE_IDENTIFIER = com.JRMCorp.BasicSnapPictureViewerTests;
				PRODUCT_NAME = "$(TARGET_NAME)";
				TEST_HOST = "$(BUILT_PRODUCTS_DIR)/BasicSnapPictureViewer.app/BasicSnapPictureViewer";
			};
			name = Release;
		};
		0342F2791D2BA36F0038FC3D /* Debug */ = {
			isa = XCBuildConfiguration;
			buildSettings = {
				INFOPLIST_FILE = BasicSnapPictureViewerUITests/Info.plist;
				LD_RUNPATH_SEARCH_PATHS = "$(inherited) @executable_path/Frameworks @loader_path/Frameworks";
				PRODUCT_BUNDLE_IDENTIFIER = com.JRMCorp.BasicSnapPictureViewerUITests;
				PRODUCT_NAME = "$(TARGET_NAME)";
				TEST_TARGET_NAME = BasicSnapPictureViewer;
			};
			name = Debug;
		};
		0342F27A1D2BA36F0038FC3D /* Release */ = {
			isa = XCBuildConfiguration;
			buildSettings = {
				INFOPLIST_FILE = BasicSnapPictureViewerUITests/Info.plist;
				LD_RUNPATH_SEARCH_PATHS = "$(inherited) @executable_path/Frameworks @loader_path/Frameworks";
				PRODUCT_BUNDLE_IDENTIFIER = com.JRMCorp.BasicSnapPictureViewerUITests;
				PRODUCT_NAME = "$(TARGET_NAME)";
				TEST_TARGET_NAME = BasicSnapPictureViewer;
			};
			name = Release;
		};
/* End XCBuildConfiguration section */

/* Begin XCConfigurationList section */
		0342F2401D2BA36F0038FC3D /* Build configuration list for PBXProject "BasicSnapPictureViewer" */ = {
			isa = XCConfigurationList;
			buildConfigurations = (
				0342F2701D2BA36F0038FC3D /* Debug */,
				0342F2711D2BA36F0038FC3D /* Release */,
			);
			defaultConfigurationIsVisible = 0;
			defaultConfigurationName = Release;
		};
		0342F2721D2BA36F0038FC3D /* Build configuration list for PBXNativeTarget "BasicSnapPictureViewer" */ = {
			isa = XCConfigurationList;
			buildConfigurations = (
				0342F2731D2BA36F0038FC3D /* Debug */,
				0342F2741D2BA36F0038FC3D /* Release */,
			);
			defaultConfigurationIsVisible = 0;
			defaultConfigurationName = Release;
		};
		0342F2751D2BA36F0038FC3D /* Build configuration list for PBXNativeTarget "BasicSnapPictureViewerTests" */ = {
			isa = XCConfigurationList;
			buildConfigurations = (
				0342F2761D2BA36F0038FC3D /* Debug */,
				0342F2771D2BA36F0038FC3D /* Release */,
			);
			defaultConfigurationIsVisible = 0;
			defaultConfigurationName = Release;
		};
		0342F2781D2BA36F0038FC3D /* Build configuration list for PBXNativeTarget "BasicSnapPictureViewerUITests" */ = {
			isa = XCConfigurationList;
			buildConfigurations = (
				0342F2791D2BA36F0038FC3D /* Debug */,
				0342F27A1D2BA36F0038FC3D /* Release */,
			);
			defaultConfigurationIsVisible = 0;
			defaultConfigurationName = Release;
		};
/* End XCConfigurationList section */

/* Begin XCVersionGroup section */
		0342F2831D2BA4CF0038FC3D /* Model.xcdatamodeld */ = {
			isa = XCVersionGroup;
			children = (
				0342F2841D2BA4CF0038FC3D /* Model.xcdatamodel */,
			);
			currentVersion = 0342F2841D2BA4CF0038FC3D /* Model.xcdatamodel */;
			path = Model.xcdatamodeld;
			sourceTree = "<group>";
			versionGroupType = wrapper.xcdatamodel;
		};
/* End XCVersionGroup section */
	};
	rootObject = 0342F23D1D2BA36F0038FC3D /* Project object */;
}
